// !$*UTF8*$!
{
	archiveVersion = 1;
	classes = {
	};
	objectVersion = 46;
	objects = {

/* Begin PBXBuildFile section */
		A76DF72E1CAAAC630086389D /* main.m in Sources */ = {isa = PBXBuildFile; fileRef = A76DF72D1CAAAC630086389D /* main.m */; };
		A76DF73A1CAAAC630086389D /* Main.storyboard in Resources */ = {isa = PBXBuildFile; fileRef = A76DF7381CAAAC630086389D /* Main.storyboard */; };
		A76DF73C1CAAAC630086389D /* Assets.xcassets in Resources */ = {isa = PBXBuildFile; fileRef = A76DF73B1CAAAC630086389D /* Assets.xcassets */; };
		A76DF73F1CAAAC630086389D /* LaunchScreen.storyboard in Resources */ = {isa = PBXBuildFile; fileRef = A76DF73D1CAAAC630086389D /* LaunchScreen.storyboard */; };
		A76DF74A1CAAAC630086389D /* PandaFootballTests.m in Sources */ = {isa = PBXBuildFile; fileRef = A76DF7491CAAAC630086389D /* PandaFootballTests.m */; };
		A76DF7551CAAAC630086389D /* PandaFootballUITests.m in Sources */ = {isa = PBXBuildFile; fileRef = A76DF7541CAAAC630086389D /* PandaFootballUITests.m */; };
		A7A80F341CBA96D30034CE4B /* UIImage+PureColor.m in Sources */ = {isa = PBXBuildFile; fileRef = A7A80F2E1CBA96D30034CE4B /* UIImage+PureColor.m */; };
		A7A80F351CBA96D30034CE4B /* UIViewController+NavigationBar.m in Sources */ = {isa = PBXBuildFile; fileRef = A7A80F311CBA96D30034CE4B /* UIViewController+NavigationBar.m */; };
		A7A80F361CBA96D30034CE4B /* UIViewController+StatusBar.m in Sources */ = {isa = PBXBuildFile; fileRef = A7A80F331CBA96D30034CE4B /* UIViewController+StatusBar.m */; };
		A7A80F3B1CBAB39F0034CE4B /* PDFBaseViewController.m in Sources */ = {isa = PBXBuildFile; fileRef = A7A80F3A1CBAB39F0034CE4B /* PDFBaseViewController.m */; };
		A7A80F3E1CBAB3B80034CE4B /* PDFBaseNavigationController.m in Sources */ = {isa = PBXBuildFile; fileRef = A7A80F3D1CBAB3B80034CE4B /* PDFBaseNavigationController.m */; };
		A7A80F421CBAB4230034CE4B /* PDFTabBarController.m in Sources */ = {isa = PBXBuildFile; fileRef = A7A80F411CBAB4230034CE4B /* PDFTabBarController.m */; };
		A7A80F4A1CBAB6210034CE4B /* PDFHomePageController.m in Sources */ = {isa = PBXBuildFile; fileRef = A7A80F491CBAB6210034CE4B /* PDFHomePageController.m */; };
		A7A80F4D1CBAB6350034CE4B /* PDFDiscoverController.m in Sources */ = {isa = PBXBuildFile; fileRef = A7A80F4C1CBAB6350034CE4B /* PDFDiscoverController.m */; };
		A7A80F501CBAB6470034CE4B /* PDFFootballTeamController.m in Sources */ = {isa = PBXBuildFile; fileRef = A7A80F4F1CBAB6470034CE4B /* PDFFootballTeamController.m */; };
		A7A80F531CBAB6560034CE4B /* PDFMyCenterController.m in Sources */ = {isa = PBXBuildFile; fileRef = A7A80F521CBAB6560034CE4B /* PDFMyCenterController.m */; };
		A7BDDDF11CAAB138009D9B04 /* AppDelegate.m in Sources */ = {isa = PBXBuildFile; fileRef = A7BDDDF01CAAB138009D9B04 /* AppDelegate.m */; };
/* End PBXBuildFile section */

/* Begin PBXContainerItemProxy section */
		A76DF7461CAAAC630086389D /* PBXContainerItemProxy */ = {
			isa = PBXContainerItemProxy;
			containerPortal = A76DF7211CAAAC630086389D /* Project object */;
			proxyType = 1;
			remoteGlobalIDString = A76DF7281CAAAC630086389D;
			remoteInfo = PandaFootball;
		};
		A76DF7511CAAAC630086389D /* PBXContainerItemProxy */ = {
			isa = PBXContainerItemProxy;
			containerPortal = A76DF7211CAAAC630086389D /* Project object */;
			proxyType = 1;
			remoteGlobalIDString = A76DF7281CAAAC630086389D;
			remoteInfo = PandaFootball;
		};
/* End PBXContainerItemProxy section */

/* Begin PBXFileReference section */
		479897E31CB3C4BD00A23E62 /* DeviceInfo.h */ = {isa = PBXFileReference; fileEncoding = 4; lastKnownFileType = sourcecode.c.h; path = DeviceInfo.h; sourceTree = "<group>"; };
		A76DF7291CAAAC630086389D /* PandaFootball.app */ = {isa = PBXFileReference; explicitFileType = wrapper.application; includeInIndex = 0; path = PandaFootball.app; sourceTree = BUILT_PRODUCTS_DIR; };
		A76DF72D1CAAAC630086389D /* main.m */ = {isa = PBXFileReference; lastKnownFileType = sourcecode.c.objc; path = main.m; sourceTree = "<group>"; };
		A76DF7391CAAAC630086389D /* Base */ = {isa = PBXFileReference; lastKnownFileType = file.storyboard; name = Base; path = Base.lproj/Main.storyboard; sourceTree = "<group>"; };
		A76DF73B1CAAAC630086389D /* Assets.xcassets */ = {isa = PBXFileReference; lastKnownFileType = folder.assetcatalog; path = Assets.xcassets; sourceTree = "<group>"; };
		A76DF73E1CAAAC630086389D /* Base */ = {isa = PBXFileReference; lastKnownFileType = file.storyboard; name = Base; path = Base.lproj/LaunchScreen.storyboard; sourceTree = "<group>"; };
		A76DF7401CAAAC630086389D /* Info.plist */ = {isa = PBXFileReference; lastKnownFileType = text.plist.xml; path = Info.plist; sourceTree = "<group>"; };
		A76DF7451CAAAC630086389D /* PandaFootballTests.xctest */ = {isa = PBXFileReference; explicitFileType = wrapper.cfbundle; includeInIndex = 0; path = PandaFootballTests.xctest; sourceTree = BUILT_PRODUCTS_DIR; };
		A76DF7491CAAAC630086389D /* PandaFootballTests.m */ = {isa = PBXFileReference; lastKnownFileType = sourcecode.c.objc; path = PandaFootballTests.m; sourceTree = "<group>"; };
		A76DF74B1CAAAC630086389D /* Info.plist */ = {isa = PBXFileReference; lastKnownFileType = text.plist.xml; path = Info.plist; sourceTree = "<group>"; };
		A76DF7501CAAAC630086389D /* PandaFootballUITests.xctest */ = {isa = PBXFileReference; explicitFileType = wrapper.cfbundle; includeInIndex = 0; path = PandaFootballUITests.xctest; sourceTree = BUILT_PRODUCTS_DIR; };
		A76DF7541CAAAC630086389D /* PandaFootballUITests.m */ = {isa = PBXFileReference; lastKnownFileType = sourcecode.c.objc; path = PandaFootballUITests.m; sourceTree = "<group>"; };
		A76DF7561CAAAC630086389D /* Info.plist */ = {isa = PBXFileReference; lastKnownFileType = text.plist.xml; path = Info.plist; sourceTree = "<group>"; };
		A7A80F2D1CBA96D30034CE4B /* UIImage+PureColor.h */ = {isa = PBXFileReference; fileEncoding = 4; lastKnownFileType = sourcecode.c.h; path = "UIImage+PureColor.h"; sourceTree = "<group>"; };
		A7A80F2E1CBA96D30034CE4B /* UIImage+PureColor.m */ = {isa = PBXFileReference; fileEncoding = 4; lastKnownFileType = sourcecode.c.objc; path = "UIImage+PureColor.m"; sourceTree = "<group>"; };
		A7A80F301CBA96D30034CE4B /* UIViewController+NavigationBar.h */ = {isa = PBXFileReference; fileEncoding = 4; lastKnownFileType = sourcecode.c.h; path = "UIViewController+NavigationBar.h"; sourceTree = "<group>"; };
		A7A80F311CBA96D30034CE4B /* UIViewController+NavigationBar.m */ = {isa = PBXFileReference; fileEncoding = 4; lastKnownFileType = sourcecode.c.objc; path = "UIViewController+NavigationBar.m"; sourceTree = "<group>"; };
		A7A80F321CBA96D30034CE4B /* UIViewController+StatusBar.h */ = {isa = PBXFileReference; fileEncoding = 4; lastKnownFileType = sourcecode.c.h; path = "UIViewController+StatusBar.h"; sourceTree = "<group>"; };
		A7A80F331CBA96D30034CE4B /* UIViewController+StatusBar.m */ = {isa = PBXFileReference; fileEncoding = 4; lastKnownFileType = sourcecode.c.objc; path = "UIViewController+StatusBar.m"; sourceTree = "<group>"; };
		A7A80F371CBAB35C0034CE4B /* PDFAppMacro.h */ = {isa = PBXFileReference; lastKnownFileType = sourcecode.c.h; path = PDFAppMacro.h; sourceTree = "<group>"; };
		A7A80F381CBAB36A0034CE4B /* PDFUIFormatMacros.h */ = {isa = PBXFileReference; lastKnownFileType = sourcecode.c.h; path = PDFUIFormatMacros.h; sourceTree = "<group>"; };
		A7A80F391CBAB39F0034CE4B /* PDFBaseViewController.h */ = {isa = PBXFileReference; fileEncoding = 4; lastKnownFileType = sourcecode.c.h; path = PDFBaseViewController.h; sourceTree = "<group>"; };
		A7A80F3A1CBAB39F0034CE4B /* PDFBaseViewController.m */ = {isa = PBXFileReference; fileEncoding = 4; lastKnownFileType = sourcecode.c.objc; path = PDFBaseViewController.m; sourceTree = "<group>"; };
		A7A80F3C1CBAB3B80034CE4B /* PDFBaseNavigationController.h */ = {isa = PBXFileReference; fileEncoding = 4; lastKnownFileType = sourcecode.c.h; path = PDFBaseNavigationController.h; sourceTree = "<group>"; };
		A7A80F3D1CBAB3B80034CE4B /* PDFBaseNavigationController.m */ = {isa = PBXFileReference; fileEncoding = 4; lastKnownFileType = sourcecode.c.objc; path = PDFBaseNavigationController.m; sourceTree = "<group>"; };
		A7A80F401CBAB4230034CE4B /* PDFTabBarController.h */ = {isa = PBXFileReference; fileEncoding = 4; lastKnownFileType = sourcecode.c.h; path = PDFTabBarController.h; sourceTree = "<group>"; };
		A7A80F411CBAB4230034CE4B /* PDFTabBarController.m */ = {isa = PBXFileReference; fileEncoding = 4; lastKnownFileType = sourcecode.c.objc; path = PDFTabBarController.m; sourceTree = "<group>"; };
		A7A80F481CBAB6210034CE4B /* PDFHomePageController.h */ = {isa = PBXFileReference; fileEncoding = 4; lastKnownFileType = sourcecode.c.h; path = PDFHomePageController.h; sourceTree = "<group>"; };
		A7A80F491CBAB6210034CE4B /* PDFHomePageController.m */ = {isa = PBXFileReference; fileEncoding = 4; lastKnownFileType = sourcecode.c.objc; path = PDFHomePageController.m; sourceTree = "<group>"; };
		A7A80F4B1CBAB6350034CE4B /* PDFDiscoverController.h */ = {isa = PBXFileReference; fileEncoding = 4; lastKnownFileType = sourcecode.c.h; path = PDFDiscoverController.h; sourceTree = "<group>"; };
		A7A80F4C1CBAB6350034CE4B /* PDFDiscoverController.m */ = {isa = PBXFileReference; fileEncoding = 4; lastKnownFileType = sourcecode.c.objc; path = PDFDiscoverController.m; sourceTree = "<group>"; };
		A7A80F4E1CBAB6470034CE4B /* PDFFootballTeamController.h */ = {isa = PBXFileReference; fileEncoding = 4; lastKnownFileType = sourcecode.c.h; path = PDFFootballTeamController.h; sourceTree = "<group>"; };
		A7A80F4F1CBAB6470034CE4B /* PDFFootballTeamController.m */ = {isa = PBXFileReference; fileEncoding = 4; lastKnownFileType = sourcecode.c.objc; path = PDFFootballTeamController.m; sourceTree = "<group>"; };
		A7A80F511CBAB6560034CE4B /* PDFMyCenterController.h */ = {isa = PBXFileReference; fileEncoding = 4; lastKnownFileType = sourcecode.c.h; path = PDFMyCenterController.h; sourceTree = "<group>"; };
		A7A80F521CBAB6560034CE4B /* PDFMyCenterController.m */ = {isa = PBXFileReference; fileEncoding = 4; lastKnownFileType = sourcecode.c.objc; path = PDFMyCenterController.m; sourceTree = "<group>"; };
		A7A80F551CBACB380034CE4B /* PDFPCHMacro.h */ = {isa = PBXFileReference; lastKnownFileType = sourcecode.c.h; path = PDFPCHMacro.h; sourceTree = "<group>"; };
		A7BDDDEF1CAAB138009D9B04 /* AppDelegate.h */ = {isa = PBXFileReference; fileEncoding = 4; lastKnownFileType = sourcecode.c.h; path = AppDelegate.h; sourceTree = "<group>"; };
		A7BDDDF01CAAB138009D9B04 /* AppDelegate.m */ = {isa = PBXFileReference; fileEncoding = 4; lastKnownFileType = sourcecode.c.objc; path = AppDelegate.m; sourceTree = "<group>"; };
/* End PBXFileReference section */

/* Begin PBXFrameworksBuildPhase section */
		A76DF7261CAAAC630086389D /* Frameworks */ = {
			isa = PBXFrameworksBuildPhase;
			buildActionMask = 2147483647;
			files = (
			);
			runOnlyForDeploymentPostprocessing = 0;
		};
		A76DF7421CAAAC630086389D /* Frameworks */ = {
			isa = PBXFrameworksBuildPhase;
			buildActionMask = 2147483647;
			files = (
			);
			runOnlyForDeploymentPostprocessing = 0;
		};
		A76DF74D1CAAAC630086389D /* Frameworks */ = {
			isa = PBXFrameworksBuildPhase;
			buildActionMask = 2147483647;
			files = (
			);
			runOnlyForDeploymentPostprocessing = 0;
		};
/* End PBXFrameworksBuildPhase section */

/* Begin PBXGroup section */
		479897DF1CB3C40300A23E62 /* CYGCommonAppLibrary */ = {
			isa = PBXGroup;
			children = (
				479897E01CB3C40300A23E62 /* Categories */,
				479897E11CB3C40300A23E62 /* Macro */,
				479897E21CB3C40300A23E62 /* Utils */,
			);
			path = CYGCommonAppLibrary;
			sourceTree = "<group>";
		};
		479897E01CB3C40300A23E62 /* Categories */ = {
			isa = PBXGroup;
			children = (
				A7A80F2C1CBA96D30034CE4B /* UIImage */,
				A7A80F2F1CBA96D30034CE4B /* UIViewController */,
			);
			path = Categories;
			sourceTree = "<group>";
		};
		479897E11CB3C40300A23E62 /* Macro */ = {
			isa = PBXGroup;
			children = (
				479897E31CB3C4BD00A23E62 /* DeviceInfo.h */,
			);
			path = Macro;
			sourceTree = "<group>";
		};
		479897E21CB3C40300A23E62 /* Utils */ = {
			isa = PBXGroup;
			children = (
			);
			path = Utils;
			sourceTree = "<group>";
		};
		A76DF7201CAAAC630086389D = {
			isa = PBXGroup;
			children = (
				A76DF72B1CAAAC630086389D /* PandaFootball */,
				A76DF7481CAAAC630086389D /* PandaFootballTests */,
				A76DF7531CAAAC630086389D /* PandaFootballUITests */,
				A76DF72A1CAAAC630086389D /* Products */,
			);
			sourceTree = "<group>";
		};
		A76DF72A1CAAAC630086389D /* Products */ = {
			isa = PBXGroup;
			children = (
				A76DF7291CAAAC630086389D /* PandaFootball.app */,
				A76DF7451CAAAC630086389D /* PandaFootballTests.xctest */,
				A76DF7501CAAAC630086389D /* PandaFootballUITests.xctest */,
			);
			name = Products;
			sourceTree = "<group>";
		};
		A76DF72B1CAAAC630086389D /* PandaFootball */ = {
			isa = PBXGroup;
			children = (
				A7BDDDEE1CAAB0E7009D9B04 /* AppDelegate */,
				A7BDDDED1CAAB0DE009D9B04 /* Macro */,
				A7BDDDEC1CAAB0C5009D9B04 /* Vendors */,
				A7BDDDEA1CAAB0A9009D9B04 /* Helpers */,
				A7BDDDEB1CAAB0B5009D9B04 /* Models */,
				A7BDDDE91CAAB097009D9B04 /* General */,
				A7BDDDE81CAAB08B009D9B04 /* Sections */,
				A76DF7381CAAAC630086389D /* Main.storyboard */,
				A76DF73B1CAAAC630086389D /* Assets.xcassets */,
				A76DF73D1CAAAC630086389D /* LaunchScreen.storyboard */,
				A76DF7401CAAAC630086389D /* Info.plist */,
				A76DF72C1CAAAC630086389D /* Supporting Files */,
			);
			path = PandaFootball;
			sourceTree = "<group>";
		};
		A76DF72C1CAAAC630086389D /* Supporting Files */ = {
			isa = PBXGroup;
			children = (
				A76DF72D1CAAAC630086389D /* main.m */,
			);
			name = "Supporting Files";
			sourceTree = "<group>";
		};
		A76DF7481CAAAC630086389D /* PandaFootballTests */ = {
			isa = PBXGroup;
			children = (
				A76DF7491CAAAC630086389D /* PandaFootballTests.m */,
				A76DF74B1CAAAC630086389D /* Info.plist */,
			);
			path = PandaFootballTests;
			sourceTree = "<group>";
		};
		A76DF7531CAAAC630086389D /* PandaFootballUITests */ = {
			isa = PBXGroup;
			children = (
				A76DF7541CAAAC630086389D /* PandaFootballUITests.m */,
				A76DF7561CAAAC630086389D /* Info.plist */,
			);
			path = PandaFootballUITests;
			sourceTree = "<group>";
		};
		A7A80F2C1CBA96D30034CE4B /* UIImage */ = {
			isa = PBXGroup;
			children = (
				A7A80F2D1CBA96D30034CE4B /* UIImage+PureColor.h */,
				A7A80F2E1CBA96D30034CE4B /* UIImage+PureColor.m */,
			);
			path = UIImage;
			sourceTree = "<group>";
		};
		A7A80F2F1CBA96D30034CE4B /* UIViewController */ = {
			isa = PBXGroup;
			children = (
				A7A80F301CBA96D30034CE4B /* UIViewController+NavigationBar.h */,
				A7A80F311CBA96D30034CE4B /* UIViewController+NavigationBar.m */,
				A7A80F321CBA96D30034CE4B /* UIViewController+StatusBar.h */,
				A7A80F331CBA96D30034CE4B /* UIViewController+StatusBar.m */,
			);
			path = UIViewController;
			sourceTree = "<group>";
		};
		A7A80F3F1CBAB3ED0034CE4B /* PDFTabBar */ = {
			isa = PBXGroup;
			children = (
				A7A80F401CBAB4230034CE4B /* PDFTabBarController.h */,
				A7A80F411CBAB4230034CE4B /* PDFTabBarController.m */,
			);
			path = PDFTabBar;
			sourceTree = "<group>";
		};
		A7A80F431CBAB5A90034CE4B /* PDFMyCenter */ = {
			isa = PBXGroup;
			children = (
				A7A80F511CBAB6560034CE4B /* PDFMyCenterController.h */,
				A7A80F521CBAB6560034CE4B /* PDFMyCenterController.m */,
			);
			path = PDFMyCenter;
			sourceTree = "<group>";
		};
		A7A80F441CBAB5B00034CE4B /* PDFFootballTeam */ = {
			isa = PBXGroup;
			children = (
				A7A80F4E1CBAB6470034CE4B /* PDFFootballTeamController.h */,
				A7A80F4F1CBAB6470034CE4B /* PDFFootballTeamController.m */,
			);
			path = PDFFootballTeam;
			sourceTree = "<group>";
		};
		A7A80F451CBAB5B60034CE4B /* PDFDiscover */ = {
			isa = PBXGroup;
			children = (
				A7A80F4B1CBAB6350034CE4B /* PDFDiscoverController.h */,
				A7A80F4C1CBAB6350034CE4B /* PDFDiscoverController.m */,
			);
			path = PDFDiscover;
			sourceTree = "<group>";
		};
		A7A80F471CBAB5E40034CE4B /* PDFHomePage */ = {
			isa = PBXGroup;
			children = (
				A7A80F481CBAB6210034CE4B /* PDFHomePageController.h */,
				A7A80F491CBAB6210034CE4B /* PDFHomePageController.m */,
			);
			path = PDFHomePage;
			sourceTree = "<group>";
		};
		A7BDDDE81CAAB08B009D9B04 /* Sections */ = {
			isa = PBXGroup;
			children = (
				A7A80F3F1CBAB3ED0034CE4B /* PDFTabBar */,
				A7A80F471CBAB5E40034CE4B /* PDFHomePage */,
				A7A80F451CBAB5B60034CE4B /* PDFDiscover */,
				A7A80F441CBAB5B00034CE4B /* PDFFootballTeam */,
				A7A80F431CBAB5A90034CE4B /* PDFMyCenter */,
			);
			path = Sections;
			sourceTree = "<group>";
		};
		A7BDDDE91CAAB097009D9B04 /* General */ = {
			isa = PBXGroup;
			children = (
				A7BDDDF81CAACCC8009D9B04 /* Views */,
				A7BDDDF71CAACCC1009D9B04 /* ViewControllers */,
				A7BDDDF61CAACCBB009D9B04 /* Classes */,
				A7BDDDF51CAACCB1009D9B04 /* Categories */,
				A7BDDDF41CAACCA8009D9B04 /* Utils */,
			);
			path = General;
			sourceTree = "<group>";
		};
		A7BDDDEA1CAAB0A9009D9B04 /* Helpers */ = {
			isa = PBXGroup;
			children = (
			);
			path = Helpers;
			sourceTree = "<group>";
		};
		A7BDDDEB1CAAB0B5009D9B04 /* Models */ = {
			isa = PBXGroup;
			children = (
			);
			path = Models;
			sourceTree = "<group>";
		};
		A7BDDDEC1CAAB0C5009D9B04 /* Vendors */ = {
			isa = PBXGroup;
			children = (
				479897DF1CB3C40300A23E62 /* CYGCommonAppLibrary */,
			);
			path = Vendors;
			sourceTree = "<group>";
		};
		A7BDDDED1CAAB0DE009D9B04 /* Macro */ = {
			isa = PBXGroup;
			children = (
				A7A80F551CBACB380034CE4B /* PDFPCHMacro.h */,
				A7A80F371CBAB35C0034CE4B /* PDFAppMacro.h */,
				A7A80F381CBAB36A0034CE4B /* PDFUIFormatMacros.h */,
			);
			path = Macro;
			sourceTree = "<group>";
		};
		A7BDDDEE1CAAB0E7009D9B04 /* AppDelegate */ = {
			isa = PBXGroup;
			children = (
				A7BDDDEF1CAAB138009D9B04 /* AppDelegate.h */,
				A7BDDDF01CAAB138009D9B04 /* AppDelegate.m */,
			);
			path = AppDelegate;
			sourceTree = "<group>";
		};
		A7BDDDF41CAACCA8009D9B04 /* Utils */ = {
			isa = PBXGroup;
			children = (
			);
			path = Utils;
			sourceTree = "<group>";
		};
		A7BDDDF51CAACCB1009D9B04 /* Categories */ = {
			isa = PBXGroup;
			children = (
			);
			path = Categories;
			sourceTree = "<group>";
		};
		A7BDDDF61CAACCBB009D9B04 /* Classes */ = {
			isa = PBXGroup;
			children = (
			);
			path = Classes;
			sourceTree = "<group>";
		};
		A7BDDDF71CAACCC1009D9B04 /* ViewControllers */ = {
			isa = PBXGroup;
			children = (
				A7BDDDF91CAACDE5009D9B04 /* BaseViewControllers */,
			);
			path = ViewControllers;
			sourceTree = "<group>";
		};
		A7BDDDF81CAACCC8009D9B04 /* Views */ = {
			isa = PBXGroup;
			children = (
			);
			path = Views;
			sourceTree = "<group>";
		};
		A7BDDDF91CAACDE5009D9B04 /* BaseViewControllers */ = {
			isa = PBXGroup;
			children = (
				A7A80F391CBAB39F0034CE4B /* PDFBaseViewController.h */,
				A7A80F3A1CBAB39F0034CE4B /* PDFBaseViewController.m */,
				A7A80F3C1CBAB3B80034CE4B /* PDFBaseNavigationController.h */,
				A7A80F3D1CBAB3B80034CE4B /* PDFBaseNavigationController.m */,
			);
			path = BaseViewControllers;
			sourceTree = "<group>";
		};
/* End PBXGroup section */

/* Begin PBXNativeTarget section */
		A76DF7281CAAAC630086389D /* PandaFootball */ = {
			isa = PBXNativeTarget;
			buildConfigurationList = A76DF7591CAAAC630086389D /* Build configuration list for PBXNativeTarget "PandaFootball" */;
			buildPhases = (
				A76DF7251CAAAC630086389D /* Sources */,
				A76DF7261CAAAC630086389D /* Frameworks */,
				A76DF7271CAAAC630086389D /* Resources */,
			);
			buildRules = (
			);
			dependencies = (
			);
			name = PandaFootball;
			productName = PandaFootball;
			productReference = A76DF7291CAAAC630086389D /* PandaFootball.app */;
			productType = "com.apple.product-type.application";
		};
		A76DF7441CAAAC630086389D /* PandaFootballTests */ = {
			isa = PBXNativeTarget;
			buildConfigurationList = A76DF75C1CAAAC630086389D /* Build configuration list for PBXNativeTarget "PandaFootballTests" */;
			buildPhases = (
				A76DF7411CAAAC630086389D /* Sources */,
				A76DF7421CAAAC630086389D /* Frameworks */,
				A76DF7431CAAAC630086389D /* Resources */,
			);
			buildRules = (
			);
			dependencies = (
				A76DF7471CAAAC630086389D /* PBXTargetDependency */,
			);
			name = PandaFootballTests;
			productName = PandaFootballTests;
			productReference = A76DF7451CAAAC630086389D /* PandaFootballTests.xctest */;
			productType = "com.apple.product-type.bundle.unit-test";
		};
		A76DF74F1CAAAC630086389D /* PandaFootballUITests */ = {
			isa = PBXNativeTarget;
			buildConfigurationList = A76DF75F1CAAAC630086389D /* Build configuration list for PBXNativeTarget "PandaFootballUITests" */;
			buildPhases = (
				A76DF74C1CAAAC630086389D /* Sources */,
				A76DF74D1CAAAC630086389D /* Frameworks */,
				A76DF74E1CAAAC630086389D /* Resources */,
			);
			buildRules = (
			);
			dependencies = (
				A76DF7521CAAAC630086389D /* PBXTargetDependency */,
			);
			name = PandaFootballUITests;
			productName = PandaFootballUITests;
			productReference = A76DF7501CAAAC630086389D /* PandaFootballUITests.xctest */;
			productType = "com.apple.product-type.bundle.ui-testing";
		};
/* End PBXNativeTarget section */

/* Begin PBXProject section */
		A76DF7211CAAAC630086389D /* Project object */ = {
			isa = PBXProject;
			attributes = {
				LastUpgradeCheck = 0730;
				ORGANIZATIONNAME = myjoy;
				TargetAttributes = {
					A76DF7281CAAAC630086389D = {
						CreatedOnToolsVersion = 7.3;
					};
					A76DF7441CAAAC630086389D = {
						CreatedOnToolsVersion = 7.3;
						TestTargetID = A76DF7281CAAAC630086389D;
					};
					A76DF74F1CAAAC630086389D = {
						CreatedOnToolsVersion = 7.3;
						TestTargetID = A76DF7281CAAAC630086389D;
					};
				};
			};
			buildConfigurationList = A76DF7241CAAAC630086389D /* Build configuration list for PBXProject "PandaFootball" */;
			compatibilityVersion = "Xcode 3.2";
			developmentRegion = English;
			hasScannedForEncodings = 0;
			knownRegions = (
				en,
				Base,
			);
			mainGroup = A76DF7201CAAAC630086389D;
			productRefGroup = A76DF72A1CAAAC630086389D /* Products */;
			projectDirPath = "";
			projectRoot = "";
			targets = (
				A76DF7281CAAAC630086389D /* PandaFootball */,
				A76DF7441CAAAC630086389D /* PandaFootballTests */,
				A76DF74F1CAAAC630086389D /* PandaFootballUITests */,
			);
		};
/* End PBXProject section */

/* Begin PBXResourcesBuildPhase section */
		A76DF7271CAAAC630086389D /* Resources */ = {
			isa = PBXResourcesBuildPhase;
			buildActionMask = 2147483647;
			files = (
				A76DF73F1CAAAC630086389D /* LaunchScreen.storyboard in Resources */,
				A76DF73C1CAAAC630086389D /* Assets.xcassets in Resources */,
				A76DF73A1CAAAC630086389D /* Main.storyboard in Resources */,
			);
			runOnlyForDeploymentPostprocessing = 0;
		};
		A76DF7431CAAAC630086389D /* Resources */ = {
			isa = PBXResourcesBuildPhase;
			buildActionMask = 2147483647;
			files = (
			);
			runOnlyForDeploymentPostprocessing = 0;
		};
		A76DF74E1CAAAC630086389D /* Resources */ = {
			isa = PBXResourcesBuildPhase;
			buildActionMask = 2147483647;
			files = (
			);
			runOnlyForDeploymentPostprocessing = 0;
		};
/* End PBXResourcesBuildPhase section */

/* Begin PBXSourcesBuildPhase section */
		A76DF7251CAAAC630086389D /* Sources */ = {
			isa = PBXSourcesBuildPhase;
			buildActionMask = 2147483647;
			files = (
				A7A80F351CBA96D30034CE4B /* UIViewController+NavigationBar.m in Sources */,
				A7A80F4D1CBAB6350034CE4B /* PDFDiscoverController.m in Sources */,
				A7A80F4A1CBAB6210034CE4B /* PDFHomePageController.m in Sources */,
				A7BDDDF11CAAB138009D9B04 /* AppDelegate.m in Sources */,
				A7A80F501CBAB6470034CE4B /* PDFFootballTeamController.m in Sources */,
				A7A80F421CBAB4230034CE4B /* PDFTabBarController.m in Sources */,
				A7A80F341CBA96D30034CE4B /* UIImage+PureColor.m in Sources */,
				A7A80F531CBAB6560034CE4B /* PDFMyCenterController.m in Sources */,
				A76DF72E1CAAAC630086389D /* main.m in Sources */,
				A7A80F3E1CBAB3B80034CE4B /* PDFBaseNavigationController.m in Sources */,
				A7A80F3B1CBAB39F0034CE4B /* PDFBaseViewController.m in Sources */,
				A7A80F361CBA96D30034CE4B /* UIViewController+StatusBar.m in Sources */,
			);
			runOnlyForDeploymentPostprocessing = 0;
		};
		A76DF7411CAAAC630086389D /* Sources */ = {
			isa = PBXSourcesBuildPhase;
			buildActionMask = 2147483647;
			files = (
				A76DF74A1CAAAC630086389D /* PandaFootballTests.m in Sources */,
			);
			runOnlyForDeploymentPostprocessing = 0;
		};
		A76DF74C1CAAAC630086389D /* Sources */ = {
			isa = PBXSourcesBuildPhase;
			buildActionMask = 2147483647;
			files = (
				A76DF7551CAAAC630086389D /* PandaFootballUITests.m in Sources */,
			);
			runOnlyForDeploymentPostprocessing = 0;
		};
/* End PBXSourcesBuildPhase section */

/* Begin PBXTargetDependency section */
		A76DF7471CAAAC630086389D /* PBXTargetDependency */ = {
			isa = PBXTargetDependency;
			target = A76DF7281CAAAC630086389D /* PandaFootball */;
			targetProxy = A76DF7461CAAAC630086389D /* PBXContainerItemProxy */;
		};
		A76DF7521CAAAC630086389D /* PBXTargetDependency */ = {
			isa = PBXTargetDependency;
			target = A76DF7281CAAAC630086389D /* PandaFootball */;
			targetProxy = A76DF7511CAAAC630086389D /* PBXContainerItemProxy */;
		};
/* End PBXTargetDependency section */

/* Begin PBXVariantGroup section */
		A76DF7381CAAAC630086389D /* Main.storyboard */ = {
			isa = PBXVariantGroup;
			children = (
				A76DF7391CAAAC630086389D /* Base */,
			);
			name = Main.storyboard;
			sourceTree = "<group>";
		};
		A76DF73D1CAAAC630086389D /* LaunchScreen.storyboard */ = {
			isa = PBXVariantGroup;
			children = (
				A76DF73E1CAAAC630086389D /* Base */,
			);
			name = LaunchScreen.storyboard;
			sourceTree = "<group>";
		};
/* End PBXVariantGroup section */

/* Begin XCBuildConfiguration section */
		A76DF7571CAAAC630086389D /* Debug */ = {
			isa = XCBuildConfiguration;
			buildSettings = {
				ALWAYS_SEARCH_USER_PATHS = NO;
				CLANG_ANALYZER_NONNULL = YES;
				CLANG_CXX_LANGUAGE_STANDARD = "gnu++0x";
				CLANG_CXX_LIBRARY = "libc++";
				CLANG_ENABLE_MODULES = YES;
				CLANG_ENABLE_OBJC_ARC = YES;
				CLANG_WARN_BOOL_CONVERSION = YES;
				CLANG_WARN_CONSTANT_CONVERSION = YES;
				CLANG_WARN_DIRECT_OBJC_ISA_USAGE = YES_ERROR;
				CLANG_WARN_EMPTY_BODY = YES;
				CLANG_WARN_ENUM_CONVERSION = YES;
				CLANG_WARN_INT_CONVERSION = YES;
				CLANG_WARN_OBJC_ROOT_CLASS = YES_ERROR;
				CLANG_WARN_UNREACHABLE_CODE = YES;
				CLANG_WARN__DUPLICATE_METHOD_MATCH = YES;
				"CODE_SIGN_IDENTITY[sdk=iphoneos*]" = "iPhone Developer";
				COPY_PHASE_STRIP = NO;
				DEBUG_INFORMATION_FORMAT = dwarf;
				ENABLE_STRICT_OBJC_MSGSEND = YES;
				ENABLE_TESTABILITY = YES;
				GCC_C_LANGUAGE_STANDARD = gnu99;
				GCC_DYNAMIC_NO_PIC = NO;
				GCC_NO_COMMON_BLOCKS = YES;
				GCC_OPTIMIZATION_LEVEL = 0;
				GCC_PREPROCESSOR_DEFINITIONS = (
					"DEBUG=1",
					"$(inherited)",
				);
				GCC_WARN_64_TO_32_BIT_CONVERSION = YES;
				GCC_WARN_ABOUT_RETURN_TYPE = YES_ERROR;
				GCC_WARN_UNDECLARED_SELECTOR = YES;
				GCC_WARN_UNINITIALIZED_AUTOS = YES_AGGRESSIVE;
				GCC_WARN_UNUSED_FUNCTION = YES;
				GCC_WARN_UNUSED_VARIABLE = YES;
				IPHONEOS_DEPLOYMENT_TARGET = 9.3;
				MTL_ENABLE_DEBUG_INFO = YES;
				ONLY_ACTIVE_ARCH = YES;
				SDKROOT = iphoneos;
				TARGETED_DEVICE_FAMILY = "1,2";
			};
			name = Debug;
		};
		A76DF7581CAAAC630086389D /* Release */ = {
			isa = XCBuildConfiguration;
			buildSettings = {
				ALWAYS_SEARCH_USER_PATHS = NO;
				CLANG_ANALYZER_NONNULL = YES;
				CLANG_CXX_LANGUAGE_STANDARD = "gnu++0x";
				CLANG_CXX_LIBRARY = "libc++";
				CLANG_ENABLE_MODULES = YES;
				CLANG_ENABLE_OBJC_ARC = YES;
				CLANG_WARN_BOOL_CONVERSION = YES;
				CLANG_WARN_CONSTANT_CONVERSION = YES;
				CLANG_WARN_DIRECT_OBJC_ISA_USAGE = YES_ERROR;
				CLANG_WARN_EMPTY_BODY = YES;
				CLANG_WARN_ENUM_CONVERSION = YES;
				CLANG_WARN_INT_CONVERSION = YES;
				CLANG_WARN_OBJC_ROOT_CLASS = YES_ERROR;
				CLANG_WARN_UNREACHABLE_CODE = YES;
				CLANG_WARN__DUPLICATE_METHOD_MATCH = YES;
				"CODE_SIGN_IDENTITY[sdk=iphoneos*]" = "iPhone Developer";
				COPY_PHASE_STRIP = NO;
				DEBUG_INFORMATION_FORMAT = "dwarf-with-dsym";
				ENABLE_NS_ASSERTIONS = NO;
				ENABLE_STRICT_OBJC_MSGSEND = YES;
				GCC_C_LANGUAGE_STANDARD = gnu99;
				GCC_NO_COMMON_BLOCKS = YES;
				GCC_WARN_64_TO_32_BIT_CONVERSION = YES;
				GCC_WARN_ABOUT_RETURN_TYPE = YES_ERROR;
				GCC_WARN_UNDECLARED_SELECTOR = YES;
				GCC_WARN_UNINITIALIZED_AUTOS = YES_AGGRESSIVE;
				GCC_WARN_UNUSED_FUNCTION = YES;
				GCC_WARN_UNUSED_VARIABLE = YES;
				IPHONEOS_DEPLOYMENT_TARGET = 9.3;
				MTL_ENABLE_DEBUG_INFO = NO;
				SDKROOT = iphoneos;
				TARGETED_DEVICE_FAMILY = "1,2";
				VALIDATE_PRODUCT = YES;
			};
			name = Release;
		};
		A76DF75A1CAAAC630086389D /* Debug */ = {
			isa = XCBuildConfiguration;
			buildSettings = {
				ASSETCATALOG_COMPILER_APPICON_NAME = AppIcon;
				INFOPLIST_FILE = PandaFootball/Info.plist;
				LD_RUNPATH_SEARCH_PATHS = "$(inherited) @executable_path/Frameworks";
				PRODUCT_BUNDLE_IDENTIFIER = com.myjoy.PandaFootball;
				PRODUCT_NAME = "$(TARGET_NAME)";
			};
			name = Debug;
		};
		A76DF75B1CAAAC630086389D /* Release */ = {
			isa = XCBuildConfiguration;
			buildSettings = {
				ASSETCATALOG_COMPILER_APPICON_NAME = AppIcon;
				INFOPLIST_FILE = PandaFootball/Info.plist;
				LD_RUNPATH_SEARCH_PATHS = "$(inherited) @executable_path/Frameworks";
				PRODUCT_BUNDLE_IDENTIFIER = com.myjoy.PandaFootball;
				PRODUCT_NAME = "$(TARGET_NAME)";
			};
			name = Release;
		};
		A76DF75D1CAAAC630086389D /* Debug */ = {
			isa = XCBuildConfiguration;
			buildSettings = {
				BUNDLE_LOADER = "$(TEST_HOST)";
				INFOPLIST_FILE = PandaFootballTests/Info.plist;
				LD_RUNPATH_SEARCH_PATHS = "$(inherited) @executable_path/Frameworks @loader_path/Frameworks";
				PRODUCT_BUNDLE_IDENTIFIER = com.myjoy.PandaFootballTests;
				PRODUCT_NAME = "$(TARGET_NAME)";
				TEST_HOST = "$(BUILT_PRODUCTS_DIR)/PandaFootball.app/PandaFootball";
			};
			name = Debug;
		};
		A76DF75E1CAAAC630086389D /* Release */ = {
			isa = XCBuildConfiguration;
			buildSettings = {
				BUNDLE_LOADER = "$(TEST_HOST)";
				INFOPLIST_FILE = PandaFootballTests/Info.plist;
				LD_RUNPATH_SEARCH_PATHS = "$(inherited) @executable_path/Frameworks @loader_path/Frameworks";
				PRODUCT_BUNDLE_IDENTIFIER = com.myjoy.PandaFootballTests;
				PRODUCT_NAME = "$(TARGET_NAME)";
				TEST_HOST = "$(BUILT_PRODUCTS_DIR)/PandaFootball.app/PandaFootball";
			};
			name = Release;
		};
		A76DF7601CAAAC630086389D /* Debug */ = {
			isa = XCBuildConfiguration;
			buildSettings = {
				INFOPLIST_FILE = PandaFootballUITests/Info.plist;
				LD_RUNPATH_SEARCH_PATHS = "$(inherited) @executable_path/Frameworks @loader_path/Frameworks";
				PRODUCT_BUNDLE_IDENTIFIER = com.myjoy.PandaFootballUITests;
				PRODUCT_NAME = "$(TARGET_NAME)";
				TEST_TARGET_NAME = PandaFootball;
			};
			name = Debug;
		};
		A76DF7611CAAAC630086389D /* Release */ = {
			isa = XCBuildConfiguration;
			buildSettings = {
				INFOPLIST_FILE = PandaFootballUITests/Info.plist;
				LD_RUNPATH_SEARCH_PATHS = "$(inherited) @executable_path/Frameworks @loader_path/Frameworks";
				PRODUCT_BUNDLE_IDENTIFIER = com.myjoy.PandaFootballUITests;
				PRODUCT_NAME = "$(TARGET_NAME)";
				TEST_TARGET_NAME = PandaFootball;
			};
			name = Release;
		};
/* End XCBuildConfiguration section */

/* Begin XCConfigurationList section */
		A76DF7241CAAAC630086389D /* Build configuration list for PBXProject "PandaFootball" */ = {
			isa = XCConfigurationList;
			buildConfigurations = (
				A76DF7571CAAAC630086389D /* Debug */,
				A76DF7581CAAAC630086389D /* Release */,
			);
			defaultConfigurationIsVisible = 0;
			defaultConfigurationName = Release;
		};
		A76DF7591CAAAC630086389D /* Build configuration list for PBXNativeTarget "PandaFootball" */ = {
			isa = XCConfigurationList;
			buildConfigurations = (
				A76DF75A1CAAAC630086389D /* Debug */,
				A76DF75B1CAAAC630086389D /* Release */,
			);
			defaultConfigurationIsVisible = 0;
			defaultConfigurationName = Release;
		};
		A76DF75C1CAAAC630086389D /* Build configuration list for PBXNativeTarget "PandaFootballTests" */ = {
			isa = XCConfigurationList;
			buildConfigurations = (
				A76DF75D1CAAAC630086389D /* Debug */,
				A76DF75E1CAAAC630086389D /* Release */,
			);
			defaultConfigurationIsVisible = 0;
			defaultConfigurationName = Release;
		};
		A76DF75F1CAAAC630086389D /* Build configuration list for PBXNativeTarget "PandaFootballUITests" */ = {
			isa = XCConfigurationList;
			buildConfigurations = (
				A76DF7601CAAAC630086389D /* Debug */,
				A76DF7611CAAAC630086389D /* Release */,
			);
			defaultConfigurationIsVisible = 0;
			defaultConfigurationName = Release;
		};
/* End XCConfigurationList section */
	};
	rootObject = A76DF7211CAAAC630086389D /* Project object */;
}
