// !$*UTF8*$!
{
	archiveVersion = 1;
	classes = {
	};
	objectVersion = 46;
	objects = {

/* Begin PBXBuildFile section */
		47009E841CE03C9C00D7986D /* RecruitHeaderView.m in Sources */ = {isa = PBXBuildFile; fileRef = 47009E831CE03C9C00D7986D /* RecruitHeaderView.m */; };
		474923901CBF9AA5000E26A2 /* PDFDatingFightingCell.m in Sources */ = {isa = PBXBuildFile; fileRef = 4749238F1CBF9AA5000E26A2 /* PDFDatingFightingCell.m */; };
		477E1F681CDB35E80055B86D /* SRDetailCell.m in Sources */ = {isa = PBXBuildFile; fileRef = 477E1F671CDB35E80055B86D /* SRDetailCell.m */; };
		478454721CE07A34004F86F9 /* RecruitDetailViewController.m in Sources */ = {isa = PBXBuildFile; fileRef = 478454711CE07A34004F86F9 /* RecruitDetailViewController.m */; };
		478454751CE08BE5004F86F9 /* RecruitInforView.m in Sources */ = {isa = PBXBuildFile; fileRef = 478454741CE08BE5004F86F9 /* RecruitInforView.m */; };
		47B92CD81CD992D600EBECCD /* FBTAttendanceTableHeaderView.m in Sources */ = {isa = PBXBuildFile; fileRef = 47B92CD71CD992D600EBECCD /* FBTAttendanceTableHeaderView.m */; };
		47BE6E811CC861BA009EC803 /* FootballTeamScheduleController.m in Sources */ = {isa = PBXBuildFile; fileRef = 47BE6E801CC861BA009EC803 /* FootballTeamScheduleController.m */; };
		47BE6E841CC862E9009EC803 /* FootballTeamScheduleCell.m in Sources */ = {isa = PBXBuildFile; fileRef = 47BE6E831CC862E9009EC803 /* FootballTeamScheduleCell.m */; };
		47CBDE3A1CBCCF800003F746 /* CYGLocationManager.m in Sources */ = {isa = PBXBuildFile; fileRef = 47CBDE391CBCCF800003F746 /* CYGLocationManager.m */; };
		47CBDE421CBCDAA60003F746 /* CYGBasePopupView.m in Sources */ = {isa = PBXBuildFile; fileRef = 47CBDE411CBCDAA60003F746 /* CYGBasePopupView.m */; };
		47CC75DD1CE18485004A0A66 /* FBTPostedHeaderView.m in Sources */ = {isa = PBXBuildFile; fileRef = 47CC75DC1CE18485004A0A66 /* FBTPostedHeaderView.m */; };
		47CC75E01CE1C728004A0A66 /* FBTPostedCell.m in Sources */ = {isa = PBXBuildFile; fileRef = 47CC75DF1CE1C728004A0A66 /* FBTPostedCell.m */; };
		47D646811CDAED51008E0331 /* PDFSegmentVCModel.m in Sources */ = {isa = PBXBuildFile; fileRef = 47D646801CDAED51008E0331 /* PDFSegmentVCModel.m */; };
		47DBBCC11CD8C56C00C8B630 /* FootballTeamAttendanceController.m in Sources */ = {isa = PBXBuildFile; fileRef = 47DBBCC01CD8C56C00C8B630 /* FootballTeamAttendanceController.m */; };
		47DBBCC41CD8C58300C8B630 /* FootballTeamStandingsController.m in Sources */ = {isa = PBXBuildFile; fileRef = 47DBBCC31CD8C58300C8B630 /* FootballTeamStandingsController.m */; };
		47DBBCC71CD8C59800C8B630 /* FootballTeamCostController.m in Sources */ = {isa = PBXBuildFile; fileRef = 47DBBCC61CD8C59800C8B630 /* FootballTeamCostController.m */; };
		47DBBCCA1CD8C5AB00C8B630 /* FootballTeamEventController.m in Sources */ = {isa = PBXBuildFile; fileRef = 47DBBCC91CD8C5AB00C8B630 /* FootballTeamEventController.m */; };
		47DBBCCD1CD8C5B700C8B630 /* FootballTeamPlayerController.m in Sources */ = {isa = PBXBuildFile; fileRef = 47DBBCCC1CD8C5B700C8B630 /* FootballTeamPlayerController.m */; };
		47DBBCD01CD8C5CD00C8B630 /* FootballTeamAlbumController.m in Sources */ = {isa = PBXBuildFile; fileRef = 47DBBCCF1CD8C5CD00C8B630 /* FootballTeamAlbumController.m */; };
		47DBBCD31CD8C80E00C8B630 /* FootballTeamAttendanceCell.m in Sources */ = {isa = PBXBuildFile; fileRef = 47DBBCD21CD8C80E00C8B630 /* FootballTeamAttendanceCell.m */; };
		47DEB7571CC6304C0007BD2B /* FootballTeamManageController.m in Sources */ = {isa = PBXBuildFile; fileRef = 47DEB7561CC6304C0007BD2B /* FootballTeamManageController.m */; };
		47E0DE601CD1F11D005AF586 /* PDFSegmentModel.m in Sources */ = {isa = PBXBuildFile; fileRef = 47E0DE5F1CD1F11D005AF586 /* PDFSegmentModel.m */; };
		47E3E4151CBE438D00674F64 /* PDFBaseMyCenterController.m in Sources */ = {isa = PBXBuildFile; fileRef = 47E3E4141CBE438D00674F64 /* PDFBaseMyCenterController.m */; };
		47E3E4181CBE473600674F64 /* UIImage+ImageEffects.m in Sources */ = {isa = PBXBuildFile; fileRef = 47E3E4171CBE473600674F64 /* UIImage+ImageEffects.m */; };
		47EA2D221CDDC0D400A4545D /* DiscoverRecruitMainController.m in Sources */ = {isa = PBXBuildFile; fileRef = 47EA2D211CDDC0D400A4545D /* DiscoverRecruitMainController.m */; };
		47EA2D251CDDC12100A4545D /* DiscoverRecruitViewController.m in Sources */ = {isa = PBXBuildFile; fileRef = 47EA2D241CDDC12100A4545D /* DiscoverRecruitViewController.m */; };
		47EA2D281CDDC33C00A4545D /* RecruitTableViewCell.m in Sources */ = {isa = PBXBuildFile; fileRef = 47EA2D271CDDC33C00A4545D /* RecruitTableViewCell.m */; };
		47ED38F81CDC2F2E002F9099 /* SiteReservationOrderController.m in Sources */ = {isa = PBXBuildFile; fileRef = 47ED38F71CDC2F2E002F9099 /* SiteReservationOrderController.m */; };
		47ED38FB1CDC7541002F9099 /* SROFootballTeamCell.m in Sources */ = {isa = PBXBuildFile; fileRef = 47ED38FA1CDC7541002F9099 /* SROFootballTeamCell.m */; };
		47ED38FE1CDC7E2E002F9099 /* SROConfirmView.m in Sources */ = {isa = PBXBuildFile; fileRef = 47ED38FD1CDC7E2E002F9099 /* SROConfirmView.m */; };
		47ED39021CDC89D6002F9099 /* DatingFightingOrderController.m in Sources */ = {isa = PBXBuildFile; fileRef = 47ED39011CDC89D6002F9099 /* DatingFightingOrderController.m */; };
		47F1AF611CE2CF21009519AD /* FootballTeamPlayerCell.m in Sources */ = {isa = PBXBuildFile; fileRef = 47F1AF601CE2CF21009519AD /* FootballTeamPlayerCell.m */; };
		47F1AF641CE31FD0009519AD /* FootballTeamEventCell.m in Sources */ = {isa = PBXBuildFile; fileRef = 47F1AF631CE31FD0009519AD /* FootballTeamEventCell.m */; };
		47F43FEC1CD1AC57009C7414 /* PDFSegmentViewController.m in Sources */ = {isa = PBXBuildFile; fileRef = 47F43FEB1CD1AC57009C7414 /* PDFSegmentViewController.m */; };
		47F43FEF1CD1AD16009C7414 /* PDFSegmentControl.m in Sources */ = {isa = PBXBuildFile; fileRef = 47F43FEE1CD1AD16009C7414 /* PDFSegmentControl.m */; };
		A75F5A1C1CBD370F00EF1CD3 /* PDFPopupContentView.m in Sources */ = {isa = PBXBuildFile; fileRef = A75F5A1B1CBD370F00EF1CD3 /* PDFPopupContentView.m */; };
		A76DF72E1CAAAC630086389D /* main.m in Sources */ = {isa = PBXBuildFile; fileRef = A76DF72D1CAAAC630086389D /* main.m */; };
		A76DF73A1CAAAC630086389D /* Main.storyboard in Resources */ = {isa = PBXBuildFile; fileRef = A76DF7381CAAAC630086389D /* Main.storyboard */; };
		A76DF73C1CAAAC630086389D /* Assets.xcassets in Resources */ = {isa = PBXBuildFile; fileRef = A76DF73B1CAAAC630086389D /* Assets.xcassets */; };
		A76DF73F1CAAAC630086389D /* LaunchScreen.storyboard in Resources */ = {isa = PBXBuildFile; fileRef = A76DF73D1CAAAC630086389D /* LaunchScreen.storyboard */; };
		A76DF74A1CAAAC630086389D /* PandaFootballTests.m in Sources */ = {isa = PBXBuildFile; fileRef = A76DF7491CAAAC630086389D /* PandaFootballTests.m */; };
		A76DF7551CAAAC630086389D /* PandaFootballUITests.m in Sources */ = {isa = PBXBuildFile; fileRef = A76DF7541CAAAC630086389D /* PandaFootballUITests.m */; };
		A79263861CD23CE50054991D /* FootballTeamPostedController.m in Sources */ = {isa = PBXBuildFile; fileRef = A79263831CD23CE50054991D /* FootballTeamPostedController.m */; };
		A7A80F341CBA96D30034CE4B /* UIImage+PureColor.m in Sources */ = {isa = PBXBuildFile; fileRef = A7A80F2E1CBA96D30034CE4B /* UIImage+PureColor.m */; };
		A7A80F351CBA96D30034CE4B /* UIViewController+NavigationBar.m in Sources */ = {isa = PBXBuildFile; fileRef = A7A80F311CBA96D30034CE4B /* UIViewController+NavigationBar.m */; };
		A7A80F361CBA96D30034CE4B /* UIViewController+StatusBar.m in Sources */ = {isa = PBXBuildFile; fileRef = A7A80F331CBA96D30034CE4B /* UIViewController+StatusBar.m */; };
		A7A80F3B1CBAB39F0034CE4B /* PDFBaseViewController.m in Sources */ = {isa = PBXBuildFile; fileRef = A7A80F3A1CBAB39F0034CE4B /* PDFBaseViewController.m */; };
		A7A80F3E1CBAB3B80034CE4B /* PDFBaseNavigationController.m in Sources */ = {isa = PBXBuildFile; fileRef = A7A80F3D1CBAB3B80034CE4B /* PDFBaseNavigationController.m */; };
		A7A80F421CBAB4230034CE4B /* PDFTabBarController.m in Sources */ = {isa = PBXBuildFile; fileRef = A7A80F411CBAB4230034CE4B /* PDFTabBarController.m */; };
		A7A80F4A1CBAB6210034CE4B /* PDFHomePageController.m in Sources */ = {isa = PBXBuildFile; fileRef = A7A80F491CBAB6210034CE4B /* PDFHomePageController.m */; };
		A7A80F4D1CBAB6350034CE4B /* PDFDiscoverController.m in Sources */ = {isa = PBXBuildFile; fileRef = A7A80F4C1CBAB6350034CE4B /* PDFDiscoverController.m */; };
		A7A80F501CBAB6470034CE4B /* PDFFootballTeamController.m in Sources */ = {isa = PBXBuildFile; fileRef = A7A80F4F1CBAB6470034CE4B /* PDFFootballTeamController.m */; };
		A7A80F531CBAB6560034CE4B /* PDFMyCenterController.m in Sources */ = {isa = PBXBuildFile; fileRef = A7A80F521CBAB6560034CE4B /* PDFMyCenterController.m */; };
		A7BB35221CE2212C00E35FA3 /* FBTMPublishGameController.m in Sources */ = {isa = PBXBuildFile; fileRef = A7BB35211CE2212C00E35FA3 /* FBTMPublishGameController.m */; };
		A7BB35251CE2214100E35FA3 /* FBTMTypeInCostController.m in Sources */ = {isa = PBXBuildFile; fileRef = A7BB35241CE2214100E35FA3 /* FBTMTypeInCostController.m */; };
		A7BB35281CE2215200E35FA3 /* FBTMTypeInStandingsController.m in Sources */ = {isa = PBXBuildFile; fileRef = A7BB35271CE2215200E35FA3 /* FBTMTypeInStandingsController.m */; };
		A7BC21681CBE76CA0058E5B0 /* PDFSpaceView.m in Sources */ = {isa = PBXBuildFile; fileRef = A7BC21671CBE76CA0058E5B0 /* PDFSpaceView.m */; };
		A7BC216C1CBE7C230058E5B0 /* MyCenterHeaderView.m in Sources */ = {isa = PBXBuildFile; fileRef = A7BC216B1CBE7C230058E5B0 /* MyCenterHeaderView.m */; };
		A7BC217E1CBE92140058E5B0 /* PDFSiteReservationController.m in Sources */ = {isa = PBXBuildFile; fileRef = A7BC217D1CBE92140058E5B0 /* PDFSiteReservationController.m */; };
		A7BC21811CBE922A0058E5B0 /* PDFDatingFightingController.m in Sources */ = {isa = PBXBuildFile; fileRef = A7BC21801CBE922A0058E5B0 /* PDFDatingFightingController.m */; };
		A7BC21841CBE9BFB0058E5B0 /* PDFSiteReservationCell.m in Sources */ = {isa = PBXBuildFile; fileRef = A7BC21831CBE9BFB0058E5B0 /* PDFSiteReservationCell.m */; };
		A7BC21881CBEA1E80058E5B0 /* SiteReservationDetailController.m in Sources */ = {isa = PBXBuildFile; fileRef = A7BC21871CBEA1E80058E5B0 /* SiteReservationDetailController.m */; };
		A7BC218B1CBEA41C0058E5B0 /* SRDetailHeaderView.m in Sources */ = {isa = PBXBuildFile; fileRef = A7BC218A1CBEA41C0058E5B0 /* SRDetailHeaderView.m */; };
		A7BC218E1CBEB00B0058E5B0 /* FootballTeamHeaderView.m in Sources */ = {isa = PBXBuildFile; fileRef = A7BC218D1CBEB00B0058E5B0 /* FootballTeamHeaderView.m */; };
		A7BC21911CBEB0370058E5B0 /* FootballTeamCell.m in Sources */ = {isa = PBXBuildFile; fileRef = A7BC21901CBEB0370058E5B0 /* FootballTeamCell.m */; };
		A7BDDDF11CAAB138009D9B04 /* AppDelegate.m in Sources */ = {isa = PBXBuildFile; fileRef = A7BDDDF01CAAB138009D9B04 /* AppDelegate.m */; };
		DD5AC7048A2364EDE908D2B7 /* libPods.a in Frameworks */ = {isa = PBXBuildFile; fileRef = 86A4363722270C0B13F51029 /* libPods.a */; };
/* End PBXBuildFile section */

/* Begin PBXContainerItemProxy section */
		A76DF7461CAAAC630086389D /* PBXContainerItemProxy */ = {
			isa = PBXContainerItemProxy;
			containerPortal = A76DF7211CAAAC630086389D /* Project object */;
			proxyType = 1;
			remoteGlobalIDString = A76DF7281CAAAC630086389D;
			remoteInfo = PandaFootball;
		};
		A76DF7511CAAAC630086389D /* PBXContainerItemProxy */ = {
			isa = PBXContainerItemProxy;
			containerPortal = A76DF7211CAAAC630086389D /* Project object */;
			proxyType = 1;
			remoteGlobalIDString = A76DF7281CAAAC630086389D;
			remoteInfo = PandaFootball;
		};
/* End PBXContainerItemProxy section */

/* Begin PBXFileReference section */
		1A9C4C920C85CE8EE7F30BB0 /* Pods.debug.xcconfig */ = {isa = PBXFileReference; includeInIndex = 1; lastKnownFileType = text.xcconfig; name = Pods.debug.xcconfig; path = "Pods/Target Support Files/Pods/Pods.debug.xcconfig"; sourceTree = "<group>"; };
		47009E821CE03C9C00D7986D /* RecruitHeaderView.h */ = {isa = PBXFileReference; fileEncoding = 4; lastKnownFileType = sourcecode.c.h; path = RecruitHeaderView.h; sourceTree = "<group>"; };
		47009E831CE03C9C00D7986D /* RecruitHeaderView.m */ = {isa = PBXFileReference; fileEncoding = 4; lastKnownFileType = sourcecode.c.objc; path = RecruitHeaderView.m; sourceTree = "<group>"; };
		4749238E1CBF9AA5000E26A2 /* PDFDatingFightingCell.h */ = {isa = PBXFileReference; fileEncoding = 4; lastKnownFileType = sourcecode.c.h; path = PDFDatingFightingCell.h; sourceTree = "<group>"; };
		4749238F1CBF9AA5000E26A2 /* PDFDatingFightingCell.m */ = {isa = PBXFileReference; fileEncoding = 4; lastKnownFileType = sourcecode.c.objc; path = PDFDatingFightingCell.m; sourceTree = "<group>"; };
		477E1F661CDB35E80055B86D /* SRDetailCell.h */ = {isa = PBXFileReference; fileEncoding = 4; lastKnownFileType = sourcecode.c.h; path = SRDetailCell.h; sourceTree = "<group>"; };
		477E1F671CDB35E80055B86D /* SRDetailCell.m */ = {isa = PBXFileReference; fileEncoding = 4; lastKnownFileType = sourcecode.c.objc; path = SRDetailCell.m; sourceTree = "<group>"; };
		478454701CE07A34004F86F9 /* RecruitDetailViewController.h */ = {isa = PBXFileReference; fileEncoding = 4; lastKnownFileType = sourcecode.c.h; path = RecruitDetailViewController.h; sourceTree = "<group>"; };
		478454711CE07A34004F86F9 /* RecruitDetailViewController.m */ = {isa = PBXFileReference; fileEncoding = 4; lastKnownFileType = sourcecode.c.objc; path = RecruitDetailViewController.m; sourceTree = "<group>"; };
		478454731CE08BE5004F86F9 /* RecruitInforView.h */ = {isa = PBXFileReference; fileEncoding = 4; lastKnownFileType = sourcecode.c.h; path = RecruitInforView.h; sourceTree = "<group>"; };
		478454741CE08BE5004F86F9 /* RecruitInforView.m */ = {isa = PBXFileReference; fileEncoding = 4; lastKnownFileType = sourcecode.c.objc; path = RecruitInforView.m; sourceTree = "<group>"; };
		47B92CD61CD992D600EBECCD /* FBTAttendanceTableHeaderView.h */ = {isa = PBXFileReference; fileEncoding = 4; lastKnownFileType = sourcecode.c.h; path = FBTAttendanceTableHeaderView.h; sourceTree = "<group>"; };
		47B92CD71CD992D600EBECCD /* FBTAttendanceTableHeaderView.m */ = {isa = PBXFileReference; fileEncoding = 4; lastKnownFileType = sourcecode.c.objc; path = FBTAttendanceTableHeaderView.m; sourceTree = "<group>"; };
		47BE6E7F1CC861BA009EC803 /* FootballTeamScheduleController.h */ = {isa = PBXFileReference; fileEncoding = 4; lastKnownFileType = sourcecode.c.h; path = FootballTeamScheduleController.h; sourceTree = "<group>"; };
		47BE6E801CC861BA009EC803 /* FootballTeamScheduleController.m */ = {isa = PBXFileReference; fileEncoding = 4; lastKnownFileType = sourcecode.c.objc; path = FootballTeamScheduleController.m; sourceTree = "<group>"; };
		47BE6E821CC862E9009EC803 /* FootballTeamScheduleCell.h */ = {isa = PBXFileReference; fileEncoding = 4; lastKnownFileType = sourcecode.c.h; path = FootballTeamScheduleCell.h; sourceTree = "<group>"; };
		47BE6E831CC862E9009EC803 /* FootballTeamScheduleCell.m */ = {isa = PBXFileReference; fileEncoding = 4; lastKnownFileType = sourcecode.c.objc; path = FootballTeamScheduleCell.m; sourceTree = "<group>"; };
		47CBDE381CBCCF800003F746 /* CYGLocationManager.h */ = {isa = PBXFileReference; fileEncoding = 4; lastKnownFileType = sourcecode.c.h; path = CYGLocationManager.h; sourceTree = "<group>"; };
		47CBDE391CBCCF800003F746 /* CYGLocationManager.m */ = {isa = PBXFileReference; fileEncoding = 4; lastKnownFileType = sourcecode.c.objc; path = CYGLocationManager.m; sourceTree = "<group>"; };
		47CBDE3C1CBCD9BC0003F746 /* DeviceInfo.h */ = {isa = PBXFileReference; fileEncoding = 4; lastKnownFileType = sourcecode.c.h; path = DeviceInfo.h; sourceTree = "<group>"; };
		47CBDE401CBCDAA60003F746 /* CYGBasePopupView.h */ = {isa = PBXFileReference; fileEncoding = 4; lastKnownFileType = sourcecode.c.h; path = CYGBasePopupView.h; sourceTree = "<group>"; };
		47CBDE411CBCDAA60003F746 /* CYGBasePopupView.m */ = {isa = PBXFileReference; fileEncoding = 4; lastKnownFileType = sourcecode.c.objc; path = CYGBasePopupView.m; sourceTree = "<group>"; };
		47CC75DB1CE18485004A0A66 /* FBTPostedHeaderView.h */ = {isa = PBXFileReference; fileEncoding = 4; lastKnownFileType = sourcecode.c.h; path = FBTPostedHeaderView.h; sourceTree = "<group>"; };
		47CC75DC1CE18485004A0A66 /* FBTPostedHeaderView.m */ = {isa = PBXFileReference; fileEncoding = 4; lastKnownFileType = sourcecode.c.objc; path = FBTPostedHeaderView.m; sourceTree = "<group>"; };
		47CC75DE1CE1C728004A0A66 /* FBTPostedCell.h */ = {isa = PBXFileReference; fileEncoding = 4; lastKnownFileType = sourcecode.c.h; path = FBTPostedCell.h; sourceTree = "<group>"; };
		47CC75DF1CE1C728004A0A66 /* FBTPostedCell.m */ = {isa = PBXFileReference; fileEncoding = 4; lastKnownFileType = sourcecode.c.objc; path = FBTPostedCell.m; sourceTree = "<group>"; };
		47D6467F1CDAED51008E0331 /* PDFSegmentVCModel.h */ = {isa = PBXFileReference; fileEncoding = 4; lastKnownFileType = sourcecode.c.h; path = PDFSegmentVCModel.h; sourceTree = "<group>"; };
		47D646801CDAED51008E0331 /* PDFSegmentVCModel.m */ = {isa = PBXFileReference; fileEncoding = 4; lastKnownFileType = sourcecode.c.objc; path = PDFSegmentVCModel.m; sourceTree = "<group>"; };
		47DBBCBF1CD8C56C00C8B630 /* FootballTeamAttendanceController.h */ = {isa = PBXFileReference; fileEncoding = 4; lastKnownFileType = sourcecode.c.h; path = FootballTeamAttendanceController.h; sourceTree = "<group>"; };
		47DBBCC01CD8C56C00C8B630 /* FootballTeamAttendanceController.m */ = {isa = PBXFileReference; fileEncoding = 4; lastKnownFileType = sourcecode.c.objc; path = FootballTeamAttendanceController.m; sourceTree = "<group>"; };
		47DBBCC21CD8C58300C8B630 /* FootballTeamStandingsController.h */ = {isa = PBXFileReference; fileEncoding = 4; lastKnownFileType = sourcecode.c.h; path = FootballTeamStandingsController.h; sourceTree = "<group>"; };
		47DBBCC31CD8C58300C8B630 /* FootballTeamStandingsController.m */ = {isa = PBXFileReference; fileEncoding = 4; lastKnownFileType = sourcecode.c.objc; path = FootballTeamStandingsController.m; sourceTree = "<group>"; };
		47DBBCC51CD8C59800C8B630 /* FootballTeamCostController.h */ = {isa = PBXFileReference; fileEncoding = 4; lastKnownFileType = sourcecode.c.h; path = FootballTeamCostController.h; sourceTree = "<group>"; };
		47DBBCC61CD8C59800C8B630 /* FootballTeamCostController.m */ = {isa = PBXFileReference; fileEncoding = 4; lastKnownFileType = sourcecode.c.objc; path = FootballTeamCostController.m; sourceTree = "<group>"; };
		47DBBCC81CD8C5AB00C8B630 /* FootballTeamEventController.h */ = {isa = PBXFileReference; fileEncoding = 4; lastKnownFileType = sourcecode.c.h; path = FootballTeamEventController.h; sourceTree = "<group>"; };
		47DBBCC91CD8C5AB00C8B630 /* FootballTeamEventController.m */ = {isa = PBXFileReference; fileEncoding = 4; lastKnownFileType = sourcecode.c.objc; path = FootballTeamEventController.m; sourceTree = "<group>"; };
		47DBBCCB1CD8C5B700C8B630 /* FootballTeamPlayerController.h */ = {isa = PBXFileReference; fileEncoding = 4; lastKnownFileType = sourcecode.c.h; path = FootballTeamPlayerController.h; sourceTree = "<group>"; };
		47DBBCCC1CD8C5B700C8B630 /* FootballTeamPlayerController.m */ = {isa = PBXFileReference; fileEncoding = 4; lastKnownFileType = sourcecode.c.objc; path = FootballTeamPlayerController.m; sourceTree = "<group>"; };
		47DBBCCE1CD8C5CD00C8B630 /* FootballTeamAlbumController.h */ = {isa = PBXFileReference; fileEncoding = 4; lastKnownFileType = sourcecode.c.h; path = FootballTeamAlbumController.h; sourceTree = "<group>"; };
		47DBBCCF1CD8C5CD00C8B630 /* FootballTeamAlbumController.m */ = {isa = PBXFileReference; fileEncoding = 4; lastKnownFileType = sourcecode.c.objc; path = FootballTeamAlbumController.m; sourceTree = "<group>"; };
		47DBBCD11CD8C80E00C8B630 /* FootballTeamAttendanceCell.h */ = {isa = PBXFileReference; fileEncoding = 4; lastKnownFileType = sourcecode.c.h; path = FootballTeamAttendanceCell.h; sourceTree = "<group>"; };
		47DBBCD21CD8C80E00C8B630 /* FootballTeamAttendanceCell.m */ = {isa = PBXFileReference; fileEncoding = 4; lastKnownFileType = sourcecode.c.objc; path = FootballTeamAttendanceCell.m; sourceTree = "<group>"; };
		47DEB7551CC6304C0007BD2B /* FootballTeamManageController.h */ = {isa = PBXFileReference; fileEncoding = 4; lastKnownFileType = sourcecode.c.h; path = FootballTeamManageController.h; sourceTree = "<group>"; };
		47DEB7561CC6304C0007BD2B /* FootballTeamManageController.m */ = {isa = PBXFileReference; fileEncoding = 4; lastKnownFileType = sourcecode.c.objc; path = FootballTeamManageController.m; sourceTree = "<group>"; };
		47E0DE5E1CD1F11D005AF586 /* PDFSegmentModel.h */ = {isa = PBXFileReference; fileEncoding = 4; lastKnownFileType = sourcecode.c.h; path = PDFSegmentModel.h; sourceTree = "<group>"; };
		47E0DE5F1CD1F11D005AF586 /* PDFSegmentModel.m */ = {isa = PBXFileReference; fileEncoding = 4; lastKnownFileType = sourcecode.c.objc; path = PDFSegmentModel.m; sourceTree = "<group>"; };
		47E3E4131CBE438D00674F64 /* PDFBaseMyCenterController.h */ = {isa = PBXFileReference; fileEncoding = 4; lastKnownFileType = sourcecode.c.h; path = PDFBaseMyCenterController.h; sourceTree = "<group>"; };
		47E3E4141CBE438D00674F64 /* PDFBaseMyCenterController.m */ = {isa = PBXFileReference; fileEncoding = 4; lastKnownFileType = sourcecode.c.objc; path = PDFBaseMyCenterController.m; sourceTree = "<group>"; };
		47E3E4161CBE473600674F64 /* UIImage+ImageEffects.h */ = {isa = PBXFileReference; fileEncoding = 4; lastKnownFileType = sourcecode.c.h; path = "UIImage+ImageEffects.h"; sourceTree = "<group>"; };
		47E3E4171CBE473600674F64 /* UIImage+ImageEffects.m */ = {isa = PBXFileReference; fileEncoding = 4; lastKnownFileType = sourcecode.c.objc; path = "UIImage+ImageEffects.m"; sourceTree = "<group>"; };
		47EA2D201CDDC0D400A4545D /* DiscoverRecruitMainController.h */ = {isa = PBXFileReference; fileEncoding = 4; lastKnownFileType = sourcecode.c.h; path = DiscoverRecruitMainController.h; sourceTree = "<group>"; };
		47EA2D211CDDC0D400A4545D /* DiscoverRecruitMainController.m */ = {isa = PBXFileReference; fileEncoding = 4; lastKnownFileType = sourcecode.c.objc; path = DiscoverRecruitMainController.m; sourceTree = "<group>"; };
		47EA2D231CDDC12100A4545D /* DiscoverRecruitViewController.h */ = {isa = PBXFileReference; fileEncoding = 4; lastKnownFileType = sourcecode.c.h; path = DiscoverRecruitViewController.h; sourceTree = "<group>"; };
		47EA2D241CDDC12100A4545D /* DiscoverRecruitViewController.m */ = {isa = PBXFileReference; fileEncoding = 4; lastKnownFileType = sourcecode.c.objc; path = DiscoverRecruitViewController.m; sourceTree = "<group>"; };
		47EA2D261CDDC33C00A4545D /* RecruitTableViewCell.h */ = {isa = PBXFileReference; fileEncoding = 4; lastKnownFileType = sourcecode.c.h; path = RecruitTableViewCell.h; sourceTree = "<group>"; };
		47EA2D271CDDC33C00A4545D /* RecruitTableViewCell.m */ = {isa = PBXFileReference; fileEncoding = 4; lastKnownFileType = sourcecode.c.objc; path = RecruitTableViewCell.m; sourceTree = "<group>"; };
		47ED38F61CDC2F2E002F9099 /* SiteReservationOrderController.h */ = {isa = PBXFileReference; fileEncoding = 4; lastKnownFileType = sourcecode.c.h; path = SiteReservationOrderController.h; sourceTree = "<group>"; };
		47ED38F71CDC2F2E002F9099 /* SiteReservationOrderController.m */ = {isa = PBXFileReference; fileEncoding = 4; lastKnownFileType = sourcecode.c.objc; path = SiteReservationOrderController.m; sourceTree = "<group>"; };
		47ED38F91CDC7541002F9099 /* SROFootballTeamCell.h */ = {isa = PBXFileReference; fileEncoding = 4; lastKnownFileType = sourcecode.c.h; path = SROFootballTeamCell.h; sourceTree = "<group>"; };
		47ED38FA1CDC7541002F9099 /* SROFootballTeamCell.m */ = {isa = PBXFileReference; fileEncoding = 4; lastKnownFileType = sourcecode.c.objc; path = SROFootballTeamCell.m; sourceTree = "<group>"; };
		47ED38FC1CDC7E2E002F9099 /* SROConfirmView.h */ = {isa = PBXFileReference; fileEncoding = 4; lastKnownFileType = sourcecode.c.h; path = SROConfirmView.h; sourceTree = "<group>"; };
		47ED38FD1CDC7E2E002F9099 /* SROConfirmView.m */ = {isa = PBXFileReference; fileEncoding = 4; lastKnownFileType = sourcecode.c.objc; path = SROConfirmView.m; sourceTree = "<group>"; };
		47ED39001CDC89D6002F9099 /* DatingFightingOrderController.h */ = {isa = PBXFileReference; fileEncoding = 4; lastKnownFileType = sourcecode.c.h; path = DatingFightingOrderController.h; sourceTree = "<group>"; };
		47ED39011CDC89D6002F9099 /* DatingFightingOrderController.m */ = {isa = PBXFileReference; fileEncoding = 4; lastKnownFileType = sourcecode.c.objc; path = DatingFightingOrderController.m; sourceTree = "<group>"; };
		47F1AF5F1CE2CF21009519AD /* FootballTeamPlayerCell.h */ = {isa = PBXFileReference; fileEncoding = 4; lastKnownFileType = sourcecode.c.h; path = FootballTeamPlayerCell.h; sourceTree = "<group>"; };
		47F1AF601CE2CF21009519AD /* FootballTeamPlayerCell.m */ = {isa = PBXFileReference; fileEncoding = 4; lastKnownFileType = sourcecode.c.objc; path = FootballTeamPlayerCell.m; sourceTree = "<group>"; };
		47F1AF621CE31FD0009519AD /* FootballTeamEventCell.h */ = {isa = PBXFileReference; fileEncoding = 4; lastKnownFileType = sourcecode.c.h; path = FootballTeamEventCell.h; sourceTree = "<group>"; };
		47F1AF631CE31FD0009519AD /* FootballTeamEventCell.m */ = {isa = PBXFileReference; fileEncoding = 4; lastKnownFileType = sourcecode.c.objc; path = FootballTeamEventCell.m; sourceTree = "<group>"; };
		47F43FEA1CD1AC57009C7414 /* PDFSegmentViewController.h */ = {isa = PBXFileReference; fileEncoding = 4; lastKnownFileType = sourcecode.c.h; path = PDFSegmentViewController.h; sourceTree = "<group>"; };
		47F43FEB1CD1AC57009C7414 /* PDFSegmentViewController.m */ = {isa = PBXFileReference; fileEncoding = 4; lastKnownFileType = sourcecode.c.objc; path = PDFSegmentViewController.m; sourceTree = "<group>"; };
		47F43FED1CD1AD16009C7414 /* PDFSegmentControl.h */ = {isa = PBXFileReference; fileEncoding = 4; lastKnownFileType = sourcecode.c.h; path = PDFSegmentControl.h; sourceTree = "<group>"; };
		47F43FEE1CD1AD16009C7414 /* PDFSegmentControl.m */ = {isa = PBXFileReference; fileEncoding = 4; lastKnownFileType = sourcecode.c.objc; path = PDFSegmentControl.m; sourceTree = "<group>"; };
		86A4363722270C0B13F51029 /* libPods.a */ = {isa = PBXFileReference; explicitFileType = archive.ar; includeInIndex = 0; path = libPods.a; sourceTree = BUILT_PRODUCTS_DIR; };
		A75F5A1A1CBD370F00EF1CD3 /* PDFPopupContentView.h */ = {isa = PBXFileReference; fileEncoding = 4; lastKnownFileType = sourcecode.c.h; path = PDFPopupContentView.h; sourceTree = "<group>"; };
		A75F5A1B1CBD370F00EF1CD3 /* PDFPopupContentView.m */ = {isa = PBXFileReference; fileEncoding = 4; lastKnownFileType = sourcecode.c.objc; path = PDFPopupContentView.m; sourceTree = "<group>"; };
		A76DF7291CAAAC630086389D /* PandaFootball.app */ = {isa = PBXFileReference; explicitFileType = wrapper.application; includeInIndex = 0; path = PandaFootball.app; sourceTree = BUILT_PRODUCTS_DIR; };
		A76DF72D1CAAAC630086389D /* main.m */ = {isa = PBXFileReference; lastKnownFileType = sourcecode.c.objc; path = main.m; sourceTree = "<group>"; };
		A76DF7391CAAAC630086389D /* Base */ = {isa = PBXFileReference; lastKnownFileType = file.storyboard; name = Base; path = Base.lproj/Main.storyboard; sourceTree = "<group>"; };
		A76DF73B1CAAAC630086389D /* Assets.xcassets */ = {isa = PBXFileReference; lastKnownFileType = folder.assetcatalog; path = Assets.xcassets; sourceTree = "<group>"; };
		A76DF73E1CAAAC630086389D /* Base */ = {isa = PBXFileReference; lastKnownFileType = file.storyboard; name = Base; path = Base.lproj/LaunchScreen.storyboard; sourceTree = "<group>"; };
		A76DF7401CAAAC630086389D /* Info.plist */ = {isa = PBXFileReference; lastKnownFileType = text.plist.xml; path = Info.plist; sourceTree = "<group>"; };
		A76DF7451CAAAC630086389D /* PandaFootballTests.xctest */ = {isa = PBXFileReference; explicitFileType = wrapper.cfbundle; includeInIndex = 0; path = PandaFootballTests.xctest; sourceTree = BUILT_PRODUCTS_DIR; };
		A76DF7491CAAAC630086389D /* PandaFootballTests.m */ = {isa = PBXFileReference; lastKnownFileType = sourcecode.c.objc; path = PandaFootballTests.m; sourceTree = "<group>"; };
		A76DF74B1CAAAC630086389D /* Info.plist */ = {isa = PBXFileReference; lastKnownFileType = text.plist.xml; path = Info.plist; sourceTree = "<group>"; };
		A76DF7501CAAAC630086389D /* PandaFootballUITests.xctest */ = {isa = PBXFileReference; explicitFileType = wrapper.cfbundle; includeInIndex = 0; path = PandaFootballUITests.xctest; sourceTree = BUILT_PRODUCTS_DIR; };
		A76DF7541CAAAC630086389D /* PandaFootballUITests.m */ = {isa = PBXFileReference; lastKnownFileType = sourcecode.c.objc; path = PandaFootballUITests.m; sourceTree = "<group>"; };
		A76DF7561CAAAC630086389D /* Info.plist */ = {isa = PBXFileReference; lastKnownFileType = text.plist.xml; path = Info.plist; sourceTree = "<group>"; };
		A79263821CD23CE50054991D /* FootballTeamPostedController.h */ = {isa = PBXFileReference; fileEncoding = 4; lastKnownFileType = sourcecode.c.h; path = FootballTeamPostedController.h; sourceTree = "<group>"; };
		A79263831CD23CE50054991D /* FootballTeamPostedController.m */ = {isa = PBXFileReference; fileEncoding = 4; lastKnownFileType = sourcecode.c.objc; path = FootballTeamPostedController.m; sourceTree = "<group>"; };
		A7A80F2D1CBA96D30034CE4B /* UIImage+PureColor.h */ = {isa = PBXFileReference; fileEncoding = 4; lastKnownFileType = sourcecode.c.h; path = "UIImage+PureColor.h"; sourceTree = "<group>"; };
		A7A80F2E1CBA96D30034CE4B /* UIImage+PureColor.m */ = {isa = PBXFileReference; fileEncoding = 4; lastKnownFileType = sourcecode.c.objc; path = "UIImage+PureColor.m"; sourceTree = "<group>"; };
		A7A80F301CBA96D30034CE4B /* UIViewController+NavigationBar.h */ = {isa = PBXFileReference; fileEncoding = 4; lastKnownFileType = sourcecode.c.h; path = "UIViewController+NavigationBar.h"; sourceTree = "<group>"; };
		A7A80F311CBA96D30034CE4B /* UIViewController+NavigationBar.m */ = {isa = PBXFileReference; fileEncoding = 4; lastKnownFileType = sourcecode.c.objc; path = "UIViewController+NavigationBar.m"; sourceTree = "<group>"; };
		A7A80F321CBA96D30034CE4B /* UIViewController+StatusBar.h */ = {isa = PBXFileReference; fileEncoding = 4; lastKnownFileType = sourcecode.c.h; path = "UIViewController+StatusBar.h"; sourceTree = "<group>"; };
		A7A80F331CBA96D30034CE4B /* UIViewController+StatusBar.m */ = {isa = PBXFileReference; fileEncoding = 4; lastKnownFileType = sourcecode.c.objc; path = "UIViewController+StatusBar.m"; sourceTree = "<group>"; };
		A7A80F371CBAB35C0034CE4B /* PDFAppMacro.h */ = {isa = PBXFileReference; lastKnownFileType = sourcecode.c.h; path = PDFAppMacro.h; sourceTree = "<group>"; };
		A7A80F381CBAB36A0034CE4B /* PDFUIFormatMacros.h */ = {isa = PBXFileReference; lastKnownFileType = sourcecode.c.h; path = PDFUIFormatMacros.h; sourceTree = "<group>"; };
		A7A80F391CBAB39F0034CE4B /* PDFBaseViewController.h */ = {isa = PBXFileReference; fileEncoding = 4; lastKnownFileType = sourcecode.c.h; path = PDFBaseViewController.h; sourceTree = "<group>"; };
		A7A80F3A1CBAB39F0034CE4B /* PDFBaseViewController.m */ = {isa = PBXFileReference; fileEncoding = 4; lastKnownFileType = sourcecode.c.objc; path = PDFBaseViewController.m; sourceTree = "<group>"; };
		A7A80F3C1CBAB3B80034CE4B /* PDFBaseNavigationController.h */ = {isa = PBXFileReference; fileEncoding = 4; lastKnownFileType = sourcecode.c.h; path = PDFBaseNavigationController.h; sourceTree = "<group>"; };
		A7A80F3D1CBAB3B80034CE4B /* PDFBaseNavigationController.m */ = {isa = PBXFileReference; fileEncoding = 4; lastKnownFileType = sourcecode.c.objc; path = PDFBaseNavigationController.m; sourceTree = "<group>"; };
		A7A80F401CBAB4230034CE4B /* PDFTabBarController.h */ = {isa = PBXFileReference; fileEncoding = 4; lastKnownFileType = sourcecode.c.h; path = PDFTabBarController.h; sourceTree = "<group>"; };
		A7A80F411CBAB4230034CE4B /* PDFTabBarController.m */ = {isa = PBXFileReference; fileEncoding = 4; lastKnownFileType = sourcecode.c.objc; path = PDFTabBarController.m; sourceTree = "<group>"; };
		A7A80F481CBAB6210034CE4B /* PDFHomePageController.h */ = {isa = PBXFileReference; fileEncoding = 4; lastKnownFileType = sourcecode.c.h; path = PDFHomePageController.h; sourceTree = "<group>"; };
		A7A80F491CBAB6210034CE4B /* PDFHomePageController.m */ = {isa = PBXFileReference; fileEncoding = 4; lastKnownFileType = sourcecode.c.objc; path = PDFHomePageController.m; sourceTree = "<group>"; };
		A7A80F4B1CBAB6350034CE4B /* PDFDiscoverController.h */ = {isa = PBXFileReference; fileEncoding = 4; lastKnownFileType = sourcecode.c.h; path = PDFDiscoverController.h; sourceTree = "<group>"; };
		A7A80F4C1CBAB6350034CE4B /* PDFDiscoverController.m */ = {isa = PBXFileReference; fileEncoding = 4; lastKnownFileType = sourcecode.c.objc; path = PDFDiscoverController.m; sourceTree = "<group>"; };
		A7A80F4E1CBAB6470034CE4B /* PDFFootballTeamController.h */ = {isa = PBXFileReference; fileEncoding = 4; lastKnownFileType = sourcecode.c.h; path = PDFFootballTeamController.h; sourceTree = "<group>"; };
		A7A80F4F1CBAB6470034CE4B /* PDFFootballTeamController.m */ = {isa = PBXFileReference; fileEncoding = 4; lastKnownFileType = sourcecode.c.objc; path = PDFFootballTeamController.m; sourceTree = "<group>"; };
		A7A80F511CBAB6560034CE4B /* PDFMyCenterController.h */ = {isa = PBXFileReference; fileEncoding = 4; lastKnownFileType = sourcecode.c.h; path = PDFMyCenterController.h; sourceTree = "<group>"; };
		A7A80F521CBAB6560034CE4B /* PDFMyCenterController.m */ = {isa = PBXFileReference; fileEncoding = 4; lastKnownFileType = sourcecode.c.objc; path = PDFMyCenterController.m; sourceTree = "<group>"; };
		A7A80F551CBACB380034CE4B /* PDFPCHMacro.h */ = {isa = PBXFileReference; lastKnownFileType = sourcecode.c.h; path = PDFPCHMacro.h; sourceTree = "<group>"; };
		A7BB35201CE2212C00E35FA3 /* FBTMPublishGameController.h */ = {isa = PBXFileReference; fileEncoding = 4; lastKnownFileType = sourcecode.c.h; path = FBTMPublishGameController.h; sourceTree = "<group>"; };
		A7BB35211CE2212C00E35FA3 /* FBTMPublishGameController.m */ = {isa = PBXFileReference; fileEncoding = 4; lastKnownFileType = sourcecode.c.objc; path = FBTMPublishGameController.m; sourceTree = "<group>"; };
		A7BB35231CE2214100E35FA3 /* FBTMTypeInCostController.h */ = {isa = PBXFileReference; fileEncoding = 4; lastKnownFileType = sourcecode.c.h; path = FBTMTypeInCostController.h; sourceTree = "<group>"; };
		A7BB35241CE2214100E35FA3 /* FBTMTypeInCostController.m */ = {isa = PBXFileReference; fileEncoding = 4; lastKnownFileType = sourcecode.c.objc; path = FBTMTypeInCostController.m; sourceTree = "<group>"; };
		A7BB35261CE2215200E35FA3 /* FBTMTypeInStandingsController.h */ = {isa = PBXFileReference; fileEncoding = 4; lastKnownFileType = sourcecode.c.h; path = FBTMTypeInStandingsController.h; sourceTree = "<group>"; };
		A7BB35271CE2215200E35FA3 /* FBTMTypeInStandingsController.m */ = {isa = PBXFileReference; fileEncoding = 4; lastKnownFileType = sourcecode.c.objc; path = FBTMTypeInStandingsController.m; sourceTree = "<group>"; };
		A7BC21661CBE76CA0058E5B0 /* PDFSpaceView.h */ = {isa = PBXFileReference; fileEncoding = 4; lastKnownFileType = sourcecode.c.h; path = PDFSpaceView.h; sourceTree = "<group>"; };
		A7BC21671CBE76CA0058E5B0 /* PDFSpaceView.m */ = {isa = PBXFileReference; fileEncoding = 4; lastKnownFileType = sourcecode.c.objc; path = PDFSpaceView.m; sourceTree = "<group>"; };
		A7BC216A1CBE7C230058E5B0 /* MyCenterHeaderView.h */ = {isa = PBXFileReference; fileEncoding = 4; lastKnownFileType = sourcecode.c.h; path = MyCenterHeaderView.h; sourceTree = "<group>"; };
		A7BC216B1CBE7C230058E5B0 /* MyCenterHeaderView.m */ = {isa = PBXFileReference; fileEncoding = 4; lastKnownFileType = sourcecode.c.objc; path = MyCenterHeaderView.m; sourceTree = "<group>"; };
		A7BC217C1CBE92140058E5B0 /* PDFSiteReservationController.h */ = {isa = PBXFileReference; fileEncoding = 4; lastKnownFileType = sourcecode.c.h; path = PDFSiteReservationController.h; sourceTree = "<group>"; };
		A7BC217D1CBE92140058E5B0 /* PDFSiteReservationController.m */ = {isa = PBXFileReference; fileEncoding = 4; lastKnownFileType = sourcecode.c.objc; path = PDFSiteReservationController.m; sourceTree = "<group>"; };
		A7BC217F1CBE922A0058E5B0 /* PDFDatingFightingController.h */ = {isa = PBXFileReference; fileEncoding = 4; lastKnownFileType = sourcecode.c.h; path = PDFDatingFightingController.h; sourceTree = "<group>"; };
		A7BC21801CBE922A0058E5B0 /* PDFDatingFightingController.m */ = {isa = PBXFileReference; fileEncoding = 4; lastKnownFileType = sourcecode.c.objc; path = PDFDatingFightingController.m; sourceTree = "<group>"; };
		A7BC21821CBE9BFB0058E5B0 /* PDFSiteReservationCell.h */ = {isa = PBXFileReference; fileEncoding = 4; lastKnownFileType = sourcecode.c.h; path = PDFSiteReservationCell.h; sourceTree = "<group>"; };
		A7BC21831CBE9BFB0058E5B0 /* PDFSiteReservationCell.m */ = {isa = PBXFileReference; fileEncoding = 4; lastKnownFileType = sourcecode.c.objc; path = PDFSiteReservationCell.m; sourceTree = "<group>"; };
		A7BC21861CBEA1E80058E5B0 /* SiteReservationDetailController.h */ = {isa = PBXFileReference; fileEncoding = 4; lastKnownFileType = sourcecode.c.h; path = SiteReservationDetailController.h; sourceTree = "<group>"; };
		A7BC21871CBEA1E80058E5B0 /* SiteReservationDetailController.m */ = {isa = PBXFileReference; fileEncoding = 4; lastKnownFileType = sourcecode.c.objc; path = SiteReservationDetailController.m; sourceTree = "<group>"; };
		A7BC21891CBEA41C0058E5B0 /* SRDetailHeaderView.h */ = {isa = PBXFileReference; fileEncoding = 4; lastKnownFileType = sourcecode.c.h; path = SRDetailHeaderView.h; sourceTree = "<group>"; };
		A7BC218A1CBEA41C0058E5B0 /* SRDetailHeaderView.m */ = {isa = PBXFileReference; fileEncoding = 4; lastKnownFileType = sourcecode.c.objc; path = SRDetailHeaderView.m; sourceTree = "<group>"; };
		A7BC218C1CBEB00B0058E5B0 /* FootballTeamHeaderView.h */ = {isa = PBXFileReference; fileEncoding = 4; lastKnownFileType = sourcecode.c.h; path = FootballTeamHeaderView.h; sourceTree = "<group>"; };
		A7BC218D1CBEB00B0058E5B0 /* FootballTeamHeaderView.m */ = {isa = PBXFileReference; fileEncoding = 4; lastKnownFileType = sourcecode.c.objc; path = FootballTeamHeaderView.m; sourceTree = "<group>"; };
		A7BC218F1CBEB0370058E5B0 /* FootballTeamCell.h */ = {isa = PBXFileReference; fileEncoding = 4; lastKnownFileType = sourcecode.c.h; path = FootballTeamCell.h; sourceTree = "<group>"; };
		A7BC21901CBEB0370058E5B0 /* FootballTeamCell.m */ = {isa = PBXFileReference; fileEncoding = 4; lastKnownFileType = sourcecode.c.objc; path = FootballTeamCell.m; sourceTree = "<group>"; };
		A7BDDDEF1CAAB138009D9B04 /* AppDelegate.h */ = {isa = PBXFileReference; fileEncoding = 4; lastKnownFileType = sourcecode.c.h; path = AppDelegate.h; sourceTree = "<group>"; };
		A7BDDDF01CAAB138009D9B04 /* AppDelegate.m */ = {isa = PBXFileReference; fileEncoding = 4; lastKnownFileType = sourcecode.c.objc; path = AppDelegate.m; sourceTree = "<group>"; };
		C0D7133DE510CFA5E2E0C150 /* Pods.release.xcconfig */ = {isa = PBXFileReference; includeInIndex = 1; lastKnownFileType = text.xcconfig; name = Pods.release.xcconfig; path = "Pods/Target Support Files/Pods/Pods.release.xcconfig"; sourceTree = "<group>"; };
/* End PBXFileReference section */

/* Begin PBXFrameworksBuildPhase section */
		A76DF7261CAAAC630086389D /* Frameworks */ = {
			isa = PBXFrameworksBuildPhase;
			buildActionMask = 2147483647;
			files = (
				DD5AC7048A2364EDE908D2B7 /* libPods.a in Frameworks */,
			);
			runOnlyForDeploymentPostprocessing = 0;
		};
		A76DF7421CAAAC630086389D /* Frameworks */ = {
			isa = PBXFrameworksBuildPhase;
			buildActionMask = 2147483647;
			files = (
			);
			runOnlyForDeploymentPostprocessing = 0;
		};
		A76DF74D1CAAAC630086389D /* Frameworks */ = {
			isa = PBXFrameworksBuildPhase;
			buildActionMask = 2147483647;
			files = (
			);
			runOnlyForDeploymentPostprocessing = 0;
		};
/* End PBXFrameworksBuildPhase section */

/* Begin PBXGroup section */
		4784546F1CE07A20004F86F9 /* RecruitDetail */ = {
			isa = PBXGroup;
			children = (
				478454701CE07A34004F86F9 /* RecruitDetailViewController.h */,
				478454711CE07A34004F86F9 /* RecruitDetailViewController.m */,
				478454731CE08BE5004F86F9 /* RecruitInforView.h */,
				478454741CE08BE5004F86F9 /* RecruitInforView.m */,
			);
			path = RecruitDetail;
			sourceTree = "<group>";
		};
		479897DF1CB3C40300A23E62 /* CYGCommonAppLibrary */ = {
			isa = PBXGroup;
			children = (
				47CBDE3E1CBCD9BC0003F746 /* Views */,
				47CBDE3D1CBCD9BC0003F746 /* ViewControllers */,
				479897E01CB3C40300A23E62 /* Categories */,
				47CBDE3B1CBCD9BC0003F746 /* Macros */,
				479897E21CB3C40300A23E62 /* Utils */,
			);
			path = CYGCommonAppLibrary;
			sourceTree = "<group>";
		};
		479897E01CB3C40300A23E62 /* Categories */ = {
			isa = PBXGroup;
			children = (
				A7A80F2C1CBA96D30034CE4B /* UIImage */,
				A7A80F2F1CBA96D30034CE4B /* UIViewController */,
			);
			path = Categories;
			sourceTree = "<group>";
		};
		479897E21CB3C40300A23E62 /* Utils */ = {
			isa = PBXGroup;
			children = (
				47CBDE371CBCCF780003F746 /* CYGLocationManager */,
			);
			path = Utils;
			sourceTree = "<group>";
		};
		47BE6E7E1CC8619E009EC803 /* FootballTeamSchedule */ = {
			isa = PBXGroup;
			children = (
				47BE6E7F1CC861BA009EC803 /* FootballTeamScheduleController.h */,
				47BE6E801CC861BA009EC803 /* FootballTeamScheduleController.m */,
				47BE6E821CC862E9009EC803 /* FootballTeamScheduleCell.h */,
				47BE6E831CC862E9009EC803 /* FootballTeamScheduleCell.m */,
			);
			path = FootballTeamSchedule;
			sourceTree = "<group>";
		};
		47CBDE371CBCCF780003F746 /* CYGLocationManager */ = {
			isa = PBXGroup;
			children = (
				47CBDE381CBCCF800003F746 /* CYGLocationManager.h */,
				47CBDE391CBCCF800003F746 /* CYGLocationManager.m */,
			);
			path = CYGLocationManager;
			sourceTree = "<group>";
		};
		47CBDE3B1CBCD9BC0003F746 /* Macros */ = {
			isa = PBXGroup;
			children = (
				47CBDE3C1CBCD9BC0003F746 /* DeviceInfo.h */,
			);
			path = Macros;
			sourceTree = "<group>";
		};
		47CBDE3D1CBCD9BC0003F746 /* ViewControllers */ = {
			isa = PBXGroup;
			children = (
			);
			path = ViewControllers;
			sourceTree = "<group>";
		};
		47CBDE3E1CBCD9BC0003F746 /* Views */ = {
			isa = PBXGroup;
			children = (
				47CBDE3F1CBCDA7F0003F746 /* CYGBasePopupView */,
			);
			path = Views;
			sourceTree = "<group>";
		};
		47CBDE3F1CBCDA7F0003F746 /* CYGBasePopupView */ = {
			isa = PBXGroup;
			children = (
				47CBDE401CBCDAA60003F746 /* CYGBasePopupView.h */,
				47CBDE411CBCDAA60003F746 /* CYGBasePopupView.m */,
			);
			path = CYGBasePopupView;
			sourceTree = "<group>";
		};
		47DBBCB91CD8C40100C8B630 /* FootballTeamAttendance */ = {
			isa = PBXGroup;
			children = (
				47DBBCBF1CD8C56C00C8B630 /* FootballTeamAttendanceController.h */,
				47DBBCC01CD8C56C00C8B630 /* FootballTeamAttendanceController.m */,
				47DBBCD11CD8C80E00C8B630 /* FootballTeamAttendanceCell.h */,
				47DBBCD21CD8C80E00C8B630 /* FootballTeamAttendanceCell.m */,
				47B92CD61CD992D600EBECCD /* FBTAttendanceTableHeaderView.h */,
				47B92CD71CD992D600EBECCD /* FBTAttendanceTableHeaderView.m */,
			);
			path = FootballTeamAttendance;
			sourceTree = "<group>";
		};
		47DBBCBA1CD8C4AA00C8B630 /* FootballTeamStandings */ = {
			isa = PBXGroup;
			children = (
				47DBBCC21CD8C58300C8B630 /* FootballTeamStandingsController.h */,
				47DBBCC31CD8C58300C8B630 /* FootballTeamStandingsController.m */,
			);
			path = FootballTeamStandings;
			sourceTree = "<group>";
		};
		47DBBCBB1CD8C4D000C8B630 /* FootballTeamCost */ = {
			isa = PBXGroup;
			children = (
				47DBBCC51CD8C59800C8B630 /* FootballTeamCostController.h */,
				47DBBCC61CD8C59800C8B630 /* FootballTeamCostController.m */,
			);
			path = FootballTeamCost;
			sourceTree = "<group>";
		};
		47DBBCBC1CD8C4E900C8B630 /* FootballTeamEvent */ = {
			isa = PBXGroup;
			children = (
				47DBBCC81CD8C5AB00C8B630 /* FootballTeamEventController.h */,
				47DBBCC91CD8C5AB00C8B630 /* FootballTeamEventController.m */,
				47F1AF621CE31FD0009519AD /* FootballTeamEventCell.h */,
				47F1AF631CE31FD0009519AD /* FootballTeamEventCell.m */,
			);
			path = FootballTeamEvent;
			sourceTree = "<group>";
		};
		47DBBCBD1CD8C50800C8B630 /* FootballTeamPlayer */ = {
			isa = PBXGroup;
			children = (
				47DBBCCB1CD8C5B700C8B630 /* FootballTeamPlayerController.h */,
				47DBBCCC1CD8C5B700C8B630 /* FootballTeamPlayerController.m */,
				47F1AF5F1CE2CF21009519AD /* FootballTeamPlayerCell.h */,
				47F1AF601CE2CF21009519AD /* FootballTeamPlayerCell.m */,
			);
			path = FootballTeamPlayer;
			sourceTree = "<group>";
		};
		47DBBCBE1CD8C51D00C8B630 /* FootballTeamAlbum */ = {
			isa = PBXGroup;
			children = (
				47DBBCCE1CD8C5CD00C8B630 /* FootballTeamAlbumController.h */,
				47DBBCCF1CD8C5CD00C8B630 /* FootballTeamAlbumController.m */,
			);
			path = FootballTeamAlbum;
			sourceTree = "<group>";
		};
		47DEB7541CC630380007BD2B /* FootballTeamManage */ = {
			isa = PBXGroup;
			children = (
				A7BB351D1CE21F6C00E35FA3 /* FBTMPublishGame */,
				A7BB351F1CE21F6C00E35FA3 /* FBTMTypeInStandings */,
				A7BB351E1CE21F6C00E35FA3 /* FBTMTypeInCost */,
				47DEB7551CC6304C0007BD2B /* FootballTeamManageController.h */,
				47DEB7561CC6304C0007BD2B /* FootballTeamManageController.m */,
			);
			path = FootballTeamManage;
			sourceTree = "<group>";
		};
		47EA2D1C1CDDBE0C00A4545D /* DiscoverRecruit */ = {
			isa = PBXGroup;
			children = (
				4784546F1CE07A20004F86F9 /* RecruitDetail */,
				47EA2D201CDDC0D400A4545D /* DiscoverRecruitMainController.h */,
				47EA2D211CDDC0D400A4545D /* DiscoverRecruitMainController.m */,
				47EA2D231CDDC12100A4545D /* DiscoverRecruitViewController.h */,
				47EA2D241CDDC12100A4545D /* DiscoverRecruitViewController.m */,
				47EA2D261CDDC33C00A4545D /* RecruitTableViewCell.h */,
				47EA2D271CDDC33C00A4545D /* RecruitTableViewCell.m */,
				47009E821CE03C9C00D7986D /* RecruitHeaderView.h */,
				47009E831CE03C9C00D7986D /* RecruitHeaderView.m */,
			);
			path = DiscoverRecruit;
			sourceTree = "<group>";
		};
		47ED38F51CDC2F11002F9099 /* SiteReservationOrder */ = {
			isa = PBXGroup;
			children = (
				47ED38F61CDC2F2E002F9099 /* SiteReservationOrderController.h */,
				47ED38F71CDC2F2E002F9099 /* SiteReservationOrderController.m */,
				47ED38F91CDC7541002F9099 /* SROFootballTeamCell.h */,
				47ED38FA1CDC7541002F9099 /* SROFootballTeamCell.m */,
				47ED38FC1CDC7E2E002F9099 /* SROConfirmView.h */,
				47ED38FD1CDC7E2E002F9099 /* SROConfirmView.m */,
			);
			path = SiteReservationOrder;
			sourceTree = "<group>";
		};
		47ED38FF1CDC89B5002F9099 /* DatingFightingOrder */ = {
			isa = PBXGroup;
			children = (
				47ED39001CDC89D6002F9099 /* DatingFightingOrderController.h */,
				47ED39011CDC89D6002F9099 /* DatingFightingOrderController.m */,
			);
			path = DatingFightingOrder;
			sourceTree = "<group>";
		};
		47F43FE91CD1AC33009C7414 /* PDFSegmentViewController */ = {
			isa = PBXGroup;
			children = (
				47F43FEA1CD1AC57009C7414 /* PDFSegmentViewController.h */,
				47F43FEB1CD1AC57009C7414 /* PDFSegmentViewController.m */,
				47F43FED1CD1AD16009C7414 /* PDFSegmentControl.h */,
				47F43FEE1CD1AD16009C7414 /* PDFSegmentControl.m */,
				47E0DE5E1CD1F11D005AF586 /* PDFSegmentModel.h */,
				47E0DE5F1CD1F11D005AF586 /* PDFSegmentModel.m */,
				47D6467F1CDAED51008E0331 /* PDFSegmentVCModel.h */,
				47D646801CDAED51008E0331 /* PDFSegmentVCModel.m */,
			);
			path = PDFSegmentViewController;
			sourceTree = "<group>";
		};
		6206D4BD6FBFBF0AAE1EE509 /* Pods */ = {
			isa = PBXGroup;
			children = (
				1A9C4C920C85CE8EE7F30BB0 /* Pods.debug.xcconfig */,
				C0D7133DE510CFA5E2E0C150 /* Pods.release.xcconfig */,
			);
			name = Pods;
			sourceTree = "<group>";
		};
		A69181B0248FB86282871711 /* Frameworks */ = {
			isa = PBXGroup;
			children = (
				86A4363722270C0B13F51029 /* libPods.a */,
			);
			name = Frameworks;
			sourceTree = "<group>";
		};
		A75F5A191CBD365500EF1CD3 /* PopupViewContentViews */ = {
			isa = PBXGroup;
			children = (
				A75F5A1A1CBD370F00EF1CD3 /* PDFPopupContentView.h */,
				A75F5A1B1CBD370F00EF1CD3 /* PDFPopupContentView.m */,
			);
			path = PopupViewContentViews;
			sourceTree = "<group>";
		};
		A76DF7201CAAAC630086389D = {
			isa = PBXGroup;
			children = (
				A76DF72B1CAAAC630086389D /* PandaFootball */,
				A76DF7481CAAAC630086389D /* PandaFootballTests */,
				A76DF7531CAAAC630086389D /* PandaFootballUITests */,
				A76DF72A1CAAAC630086389D /* Products */,
				6206D4BD6FBFBF0AAE1EE509 /* Pods */,
				A69181B0248FB86282871711 /* Frameworks */,
			);
			sourceTree = "<group>";
		};
		A76DF72A1CAAAC630086389D /* Products */ = {
			isa = PBXGroup;
			children = (
				A76DF7291CAAAC630086389D /* PandaFootball.app */,
				A76DF7451CAAAC630086389D /* PandaFootballTests.xctest */,
				A76DF7501CAAAC630086389D /* PandaFootballUITests.xctest */,
			);
			name = Products;
			sourceTree = "<group>";
		};
		A76DF72B1CAAAC630086389D /* PandaFootball */ = {
			isa = PBXGroup;
			children = (
				A7BDDDEE1CAAB0E7009D9B04 /* AppDelegate */,
				A7BDDDED1CAAB0DE009D9B04 /* Macro */,
				A7BDDDEC1CAAB0C5009D9B04 /* Vendors */,
				A7BDDDEA1CAAB0A9009D9B04 /* Helpers */,
				A7BDDDEB1CAAB0B5009D9B04 /* Models */,
				A7BDDDE91CAAB097009D9B04 /* General */,
				A7BDDDE81CAAB08B009D9B04 /* Sections */,
				A76DF7381CAAAC630086389D /* Main.storyboard */,
				A76DF73B1CAAAC630086389D /* Assets.xcassets */,
				A76DF73D1CAAAC630086389D /* LaunchScreen.storyboard */,
				A76DF7401CAAAC630086389D /* Info.plist */,
				A76DF72C1CAAAC630086389D /* Supporting Files */,
			);
			path = PandaFootball;
			sourceTree = "<group>";
		};
		A76DF72C1CAAAC630086389D /* Supporting Files */ = {
			isa = PBXGroup;
			children = (
				A76DF72D1CAAAC630086389D /* main.m */,
			);
			name = "Supporting Files";
			sourceTree = "<group>";
		};
		A76DF7481CAAAC630086389D /* PandaFootballTests */ = {
			isa = PBXGroup;
			children = (
				A76DF7491CAAAC630086389D /* PandaFootballTests.m */,
				A76DF74B1CAAAC630086389D /* Info.plist */,
			);
			path = PandaFootballTests;
			sourceTree = "<group>";
		};
		A76DF7531CAAAC630086389D /* PandaFootballUITests */ = {
			isa = PBXGroup;
			children = (
				A76DF7541CAAAC630086389D /* PandaFootballUITests.m */,
				A76DF7561CAAAC630086389D /* Info.plist */,
			);
			path = PandaFootballUITests;
			sourceTree = "<group>";
		};
		A79263811CD23CE50054991D /* FootballTeamPosted */ = {
			isa = PBXGroup;
			children = (
				A79263821CD23CE50054991D /* FootballTeamPostedController.h */,
				A79263831CD23CE50054991D /* FootballTeamPostedController.m */,
				47CC75DB1CE18485004A0A66 /* FBTPostedHeaderView.h */,
				47CC75DC1CE18485004A0A66 /* FBTPostedHeaderView.m */,
				47CC75DE1CE1C728004A0A66 /* FBTPostedCell.h */,
				47CC75DF1CE1C728004A0A66 /* FBTPostedCell.m */,
			);
			path = FootballTeamPosted;
			sourceTree = "<group>";
		};
		A7A80F2C1CBA96D30034CE4B /* UIImage */ = {
			isa = PBXGroup;
			children = (
				47E3E4161CBE473600674F64 /* UIImage+ImageEffects.h */,
				47E3E4171CBE473600674F64 /* UIImage+ImageEffects.m */,
				A7A80F2D1CBA96D30034CE4B /* UIImage+PureColor.h */,
				A7A80F2E1CBA96D30034CE4B /* UIImage+PureColor.m */,
			);
			path = UIImage;
			sourceTree = "<group>";
		};
		A7A80F2F1CBA96D30034CE4B /* UIViewController */ = {
			isa = PBXGroup;
			children = (
				A7A80F301CBA96D30034CE4B /* UIViewController+NavigationBar.h */,
				A7A80F311CBA96D30034CE4B /* UIViewController+NavigationBar.m */,
				A7A80F321CBA96D30034CE4B /* UIViewController+StatusBar.h */,
				A7A80F331CBA96D30034CE4B /* UIViewController+StatusBar.m */,
			);
			path = UIViewController;
			sourceTree = "<group>";
		};
		A7A80F3F1CBAB3ED0034CE4B /* PDFTabBar */ = {
			isa = PBXGroup;
			children = (
				A7A80F401CBAB4230034CE4B /* PDFTabBarController.h */,
				A7A80F411CBAB4230034CE4B /* PDFTabBarController.m */,
			);
			path = PDFTabBar;
			sourceTree = "<group>";
		};
		A7A80F431CBAB5A90034CE4B /* PDFMyCenter */ = {
			isa = PBXGroup;
			children = (
				A7BC21691CBE7C190058E5B0 /* MyCenterHeaderView */,
				A7A80F511CBAB6560034CE4B /* PDFMyCenterController.h */,
				A7A80F521CBAB6560034CE4B /* PDFMyCenterController.m */,
			);
			path = PDFMyCenter;
			sourceTree = "<group>";
		};
		A7A80F441CBAB5B00034CE4B /* PDFFootballTeam */ = {
			isa = PBXGroup;
			children = (
				47DBBCBE1CD8C51D00C8B630 /* FootballTeamAlbum */,
				A79263811CD23CE50054991D /* FootballTeamPosted */,
				47BE6E7E1CC8619E009EC803 /* FootballTeamSchedule */,
				47DBBCBD1CD8C50800C8B630 /* FootballTeamPlayer */,
				47DBBCBC1CD8C4E900C8B630 /* FootballTeamEvent */,
				47DBBCBB1CD8C4D000C8B630 /* FootballTeamCost */,
				47DBBCBA1CD8C4AA00C8B630 /* FootballTeamStandings */,
				47DBBCB91CD8C40100C8B630 /* FootballTeamAttendance */,
				47DEB7541CC630380007BD2B /* FootballTeamManage */,
				A7A80F4E1CBAB6470034CE4B /* PDFFootballTeamController.h */,
				A7A80F4F1CBAB6470034CE4B /* PDFFootballTeamController.m */,
				A7BC218C1CBEB00B0058E5B0 /* FootballTeamHeaderView.h */,
				A7BC218D1CBEB00B0058E5B0 /* FootballTeamHeaderView.m */,
				A7BC218F1CBEB0370058E5B0 /* FootballTeamCell.h */,
				A7BC21901CBEB0370058E5B0 /* FootballTeamCell.m */,
			);
			path = PDFFootballTeam;
			sourceTree = "<group>";
		};
		A7A80F451CBAB5B60034CE4B /* PDFDiscover */ = {
			isa = PBXGroup;
			children = (
				47EA2D1C1CDDBE0C00A4545D /* DiscoverRecruit */,
				A7A80F4B1CBAB6350034CE4B /* PDFDiscoverController.h */,
				A7A80F4C1CBAB6350034CE4B /* PDFDiscoverController.m */,
			);
			path = PDFDiscover;
			sourceTree = "<group>";
		};
		A7A80F471CBAB5E40034CE4B /* PDFHomePage */ = {
			isa = PBXGroup;
			children = (
				A7BC217B1CBE91F90058E5B0 /* PDFSiteReservation */,
				A7BC217A1CBE91F90058E5B0 /* PDFDatingFighting */,
				A7A80F481CBAB6210034CE4B /* PDFHomePageController.h */,
				A7A80F491CBAB6210034CE4B /* PDFHomePageController.m */,
			);
			path = PDFHomePage;
			sourceTree = "<group>";
		};
		A7BB351D1CE21F6C00E35FA3 /* FBTMPublishGame */ = {
			isa = PBXGroup;
			children = (
				A7BB35201CE2212C00E35FA3 /* FBTMPublishGameController.h */,
				A7BB35211CE2212C00E35FA3 /* FBTMPublishGameController.m */,
			);
			path = FBTMPublishGame;
			sourceTree = "<group>";
		};
		A7BB351E1CE21F6C00E35FA3 /* FBTMTypeInCost */ = {
			isa = PBXGroup;
			children = (
				A7BB35231CE2214100E35FA3 /* FBTMTypeInCostController.h */,
				A7BB35241CE2214100E35FA3 /* FBTMTypeInCostController.m */,
			);
			path = FBTMTypeInCost;
			sourceTree = "<group>";
		};
		A7BB351F1CE21F6C00E35FA3 /* FBTMTypeInStandings */ = {
			isa = PBXGroup;
			children = (
				A7BB35261CE2215200E35FA3 /* FBTMTypeInStandingsController.h */,
				A7BB35271CE2215200E35FA3 /* FBTMTypeInStandingsController.m */,
			);
			path = FBTMTypeInStandings;
			sourceTree = "<group>";
		};
		A7BC21651CBE76B90058E5B0 /* PDFSpaceView */ = {
			isa = PBXGroup;
			children = (
				A7BC21661CBE76CA0058E5B0 /* PDFSpaceView.h */,
				A7BC21671CBE76CA0058E5B0 /* PDFSpaceView.m */,
			);
			path = PDFSpaceView;
			sourceTree = "<group>";
		};
		A7BC21691CBE7C190058E5B0 /* MyCenterHeaderView */ = {
			isa = PBXGroup;
			children = (
				A7BC216A1CBE7C230058E5B0 /* MyCenterHeaderView.h */,
				A7BC216B1CBE7C230058E5B0 /* MyCenterHeaderView.m */,
			);
			path = MyCenterHeaderView;
			sourceTree = "<group>";
		};
		A7BC217A1CBE91F90058E5B0 /* PDFDatingFighting */ = {
			isa = PBXGroup;
			children = (
				47ED38FF1CDC89B5002F9099 /* DatingFightingOrder */,
				A7BC217F1CBE922A0058E5B0 /* PDFDatingFightingController.h */,
				A7BC21801CBE922A0058E5B0 /* PDFDatingFightingController.m */,
				4749238E1CBF9AA5000E26A2 /* PDFDatingFightingCell.h */,
				4749238F1CBF9AA5000E26A2 /* PDFDatingFightingCell.m */,
			);
			path = PDFDatingFighting;
			sourceTree = "<group>";
		};
		A7BC217B1CBE91F90058E5B0 /* PDFSiteReservation */ = {
			isa = PBXGroup;
			children = (
				47ED38F51CDC2F11002F9099 /* SiteReservationOrder */,
				A7BC21851CBEA1D00058E5B0 /* SiteReservationDetail */,
				A7BC217C1CBE92140058E5B0 /* PDFSiteReservationController.h */,
				A7BC217D1CBE92140058E5B0 /* PDFSiteReservationController.m */,
				A7BC21821CBE9BFB0058E5B0 /* PDFSiteReservationCell.h */,
				A7BC21831CBE9BFB0058E5B0 /* PDFSiteReservationCell.m */,
			);
			path = PDFSiteReservation;
			sourceTree = "<group>";
		};
		A7BC21851CBEA1D00058E5B0 /* SiteReservationDetail */ = {
			isa = PBXGroup;
			children = (
				A7BC21861CBEA1E80058E5B0 /* SiteReservationDetailController.h */,
				A7BC21871CBEA1E80058E5B0 /* SiteReservationDetailController.m */,
				A7BC21891CBEA41C0058E5B0 /* SRDetailHeaderView.h */,
				A7BC218A1CBEA41C0058E5B0 /* SRDetailHeaderView.m */,
				477E1F661CDB35E80055B86D /* SRDetailCell.h */,
				477E1F671CDB35E80055B86D /* SRDetailCell.m */,
			);
			path = SiteReservationDetail;
			sourceTree = "<group>";
		};
		A7BDDDE81CAAB08B009D9B04 /* Sections */ = {
			isa = PBXGroup;
			children = (
				A7A80F3F1CBAB3ED0034CE4B /* PDFTabBar */,
				A7A80F471CBAB5E40034CE4B /* PDFHomePage */,
				A7A80F441CBAB5B00034CE4B /* PDFFootballTeam */,
				A7A80F451CBAB5B60034CE4B /* PDFDiscover */,
				A7A80F431CBAB5A90034CE4B /* PDFMyCenter */,
			);
			path = Sections;
			sourceTree = "<group>";
		};
		A7BDDDE91CAAB097009D9B04 /* General */ = {
			isa = PBXGroup;
			children = (
				A7BDDDF81CAACCC8009D9B04 /* Views */,
				A7BDDDF71CAACCC1009D9B04 /* ViewControllers */,
				A7BDDDF61CAACCBB009D9B04 /* Classes */,
				A7BDDDF51CAACCB1009D9B04 /* Categories */,
				A7BDDDF41CAACCA8009D9B04 /* Utils */,
			);
			path = General;
			sourceTree = "<group>";
		};
		A7BDDDEA1CAAB0A9009D9B04 /* Helpers */ = {
			isa = PBXGroup;
			children = (
			);
			path = Helpers;
			sourceTree = "<group>";
		};
		A7BDDDEB1CAAB0B5009D9B04 /* Models */ = {
			isa = PBXGroup;
			children = (
			);
			path = Models;
			sourceTree = "<group>";
		};
		A7BDDDEC1CAAB0C5009D9B04 /* Vendors */ = {
			isa = PBXGroup;
			children = (
				479897DF1CB3C40300A23E62 /* CYGCommonAppLibrary */,
			);
			path = Vendors;
			sourceTree = "<group>";
		};
		A7BDDDED1CAAB0DE009D9B04 /* Macro */ = {
			isa = PBXGroup;
			children = (
				A7A80F551CBACB380034CE4B /* PDFPCHMacro.h */,
				A7A80F371CBAB35C0034CE4B /* PDFAppMacro.h */,
				A7A80F381CBAB36A0034CE4B /* PDFUIFormatMacros.h */,
			);
			path = Macro;
			sourceTree = "<group>";
		};
		A7BDDDEE1CAAB0E7009D9B04 /* AppDelegate */ = {
			isa = PBXGroup;
			children = (
				A7BDDDEF1CAAB138009D9B04 /* AppDelegate.h */,
				A7BDDDF01CAAB138009D9B04 /* AppDelegate.m */,
			);
			path = AppDelegate;
			sourceTree = "<group>";
		};
		A7BDDDF41CAACCA8009D9B04 /* Utils */ = {
			isa = PBXGroup;
			children = (
			);
			path = Utils;
			sourceTree = "<group>";
		};
		A7BDDDF51CAACCB1009D9B04 /* Categories */ = {
			isa = PBXGroup;
			children = (
			);
			path = Categories;
			sourceTree = "<group>";
		};
		A7BDDDF61CAACCBB009D9B04 /* Classes */ = {
			isa = PBXGroup;
			children = (
			);
			path = Classes;
			sourceTree = "<group>";
		};
		A7BDDDF71CAACCC1009D9B04 /* ViewControllers */ = {
			isa = PBXGroup;
			children = (
				47F43FE91CD1AC33009C7414 /* PDFSegmentViewController */,
				A7BDDDF91CAACDE5009D9B04 /* BaseViewControllers */,
			);
			path = ViewControllers;
			sourceTree = "<group>";
		};
		A7BDDDF81CAACCC8009D9B04 /* Views */ = {
			isa = PBXGroup;
			children = (
				A7BC21651CBE76B90058E5B0 /* PDFSpaceView */,
				A75F5A191CBD365500EF1CD3 /* PopupViewContentViews */,
			);
			path = Views;
			sourceTree = "<group>";
		};
		A7BDDDF91CAACDE5009D9B04 /* BaseViewControllers */ = {
			isa = PBXGroup;
			children = (
				A7A80F391CBAB39F0034CE4B /* PDFBaseViewController.h */,
				A7A80F3A1CBAB39F0034CE4B /* PDFBaseViewController.m */,
				A7A80F3C1CBAB3B80034CE4B /* PDFBaseNavigationController.h */,
				A7A80F3D1CBAB3B80034CE4B /* PDFBaseNavigationController.m */,
				47E3E4131CBE438D00674F64 /* PDFBaseMyCenterController.h */,
				47E3E4141CBE438D00674F64 /* PDFBaseMyCenterController.m */,
			);
			path = BaseViewControllers;
			sourceTree = "<group>";
		};
/* End PBXGroup section */

/* Begin PBXNativeTarget section */
		A76DF7281CAAAC630086389D /* PandaFootball */ = {
			isa = PBXNativeTarget;
			buildConfigurationList = A76DF7591CAAAC630086389D /* Build configuration list for PBXNativeTarget "PandaFootball" */;
			buildPhases = (
				BFE42B23CA64C36BBC0607FB /* Check Pods Manifest.lock */,
				A76DF7251CAAAC630086389D /* Sources */,
				A76DF7261CAAAC630086389D /* Frameworks */,
				A76DF7271CAAAC630086389D /* Resources */,
				E2E1D2AB9A941AE2AA6E1494 /* Embed Pods Frameworks */,
				142AB87C80DD88D94BAB27D0 /* Copy Pods Resources */,
			);
			buildRules = (
			);
			dependencies = (
			);
			name = PandaFootball;
			productName = PandaFootball;
			productReference = A76DF7291CAAAC630086389D /* PandaFootball.app */;
			productType = "com.apple.product-type.application";
		};
		A76DF7441CAAAC630086389D /* PandaFootballTests */ = {
			isa = PBXNativeTarget;
			buildConfigurationList = A76DF75C1CAAAC630086389D /* Build configuration list for PBXNativeTarget "PandaFootballTests" */;
			buildPhases = (
				A76DF7411CAAAC630086389D /* Sources */,
				A76DF7421CAAAC630086389D /* Frameworks */,
				A76DF7431CAAAC630086389D /* Resources */,
			);
			buildRules = (
			);
			dependencies = (
				A76DF7471CAAAC630086389D /* PBXTargetDependency */,
			);
			name = PandaFootballTests;
			productName = PandaFootballTests;
			productReference = A76DF7451CAAAC630086389D /* PandaFootballTests.xctest */;
			productType = "com.apple.product-type.bundle.unit-test";
		};
		A76DF74F1CAAAC630086389D /* PandaFootballUITests */ = {
			isa = PBXNativeTarget;
			buildConfigurationList = A76DF75F1CAAAC630086389D /* Build configuration list for PBXNativeTarget "PandaFootballUITests" */;
			buildPhases = (
				A76DF74C1CAAAC630086389D /* Sources */,
				A76DF74D1CAAAC630086389D /* Frameworks */,
				A76DF74E1CAAAC630086389D /* Resources */,
			);
			buildRules = (
			);
			dependencies = (
				A76DF7521CAAAC630086389D /* PBXTargetDependency */,
			);
			name = PandaFootballUITests;
			productName = PandaFootballUITests;
			productReference = A76DF7501CAAAC630086389D /* PandaFootballUITests.xctest */;
			productType = "com.apple.product-type.bundle.ui-testing";
		};
/* End PBXNativeTarget section */

/* Begin PBXProject section */
		A76DF7211CAAAC630086389D /* Project object */ = {
			isa = PBXProject;
			attributes = {
				LastUpgradeCheck = 0730;
				ORGANIZATIONNAME = myjoy;
				TargetAttributes = {
					A76DF7281CAAAC630086389D = {
						CreatedOnToolsVersion = 7.3;
					};
					A76DF7441CAAAC630086389D = {
						CreatedOnToolsVersion = 7.3;
						TestTargetID = A76DF7281CAAAC630086389D;
					};
					A76DF74F1CAAAC630086389D = {
						CreatedOnToolsVersion = 7.3;
						TestTargetID = A76DF7281CAAAC630086389D;
					};
				};
			};
			buildConfigurationList = A76DF7241CAAAC630086389D /* Build configuration list for PBXProject "PandaFootball" */;
			compatibilityVersion = "Xcode 3.2";
			developmentRegion = English;
			hasScannedForEncodings = 0;
			knownRegions = (
				en,
				Base,
			);
			mainGroup = A76DF7201CAAAC630086389D;
			productRefGroup = A76DF72A1CAAAC630086389D /* Products */;
			projectDirPath = "";
			projectRoot = "";
			targets = (
				A76DF7281CAAAC630086389D /* PandaFootball */,
				A76DF7441CAAAC630086389D /* PandaFootballTests */,
				A76DF74F1CAAAC630086389D /* PandaFootballUITests */,
			);
		};
/* End PBXProject section */

/* Begin PBXResourcesBuildPhase section */
		A76DF7271CAAAC630086389D /* Resources */ = {
			isa = PBXResourcesBuildPhase;
			buildActionMask = 2147483647;
			files = (
				A76DF73F1CAAAC630086389D /* LaunchScreen.storyboard in Resources */,
				A76DF73C1CAAAC630086389D /* Assets.xcassets in Resources */,
				A76DF73A1CAAAC630086389D /* Main.storyboard in Resources */,
			);
			runOnlyForDeploymentPostprocessing = 0;
		};
		A76DF7431CAAAC630086389D /* Resources */ = {
			isa = PBXResourcesBuildPhase;
			buildActionMask = 2147483647;
			files = (
			);
			runOnlyForDeploymentPostprocessing = 0;
		};
		A76DF74E1CAAAC630086389D /* Resources */ = {
			isa = PBXResourcesBuildPhase;
			buildActionMask = 2147483647;
			files = (
			);
			runOnlyForDeploymentPostprocessing = 0;
		};
/* End PBXResourcesBuildPhase section */

/* Begin PBXShellScriptBuildPhase section */
		142AB87C80DD88D94BAB27D0 /* Copy Pods Resources */ = {
			isa = PBXShellScriptBuildPhase;
			buildActionMask = 2147483647;
			files = (
			);
			inputPaths = (
			);
			name = "Copy Pods Resources";
			outputPaths = (
			);
			runOnlyForDeploymentPostprocessing = 0;
			shellPath = /bin/sh;
			shellScript = "\"${SRCROOT}/Pods/Target Support Files/Pods/Pods-resources.sh\"\n";
			showEnvVarsInLog = 0;
		};
		BFE42B23CA64C36BBC0607FB /* Check Pods Manifest.lock */ = {
			isa = PBXShellScriptBuildPhase;
			buildActionMask = 2147483647;
			files = (
			);
			inputPaths = (
			);
			name = "Check Pods Manifest.lock";
			outputPaths = (
			);
			runOnlyForDeploymentPostprocessing = 0;
			shellPath = /bin/sh;
			shellScript = "diff \"${PODS_ROOT}/../Podfile.lock\" \"${PODS_ROOT}/Manifest.lock\" > /dev/null\nif [[ $? != 0 ]] ; then\n    cat << EOM\nerror: The sandbox is not in sync with the Podfile.lock. Run 'pod install' or update your CocoaPods installation.\nEOM\n    exit 1\nfi\n";
			showEnvVarsInLog = 0;
		};
		E2E1D2AB9A941AE2AA6E1494 /* Embed Pods Frameworks */ = {
			isa = PBXShellScriptBuildPhase;
			buildActionMask = 2147483647;
			files = (
			);
			inputPaths = (
			);
			name = "Embed Pods Frameworks";
			outputPaths = (
			);
			runOnlyForDeploymentPostprocessing = 0;
			shellPath = /bin/sh;
			shellScript = "\"${SRCROOT}/Pods/Target Support Files/Pods/Pods-frameworks.sh\"\n";
			showEnvVarsInLog = 0;
		};
/* End PBXShellScriptBuildPhase section */

/* Begin PBXSourcesBuildPhase section */
		A76DF7251CAAAC630086389D /* Sources */ = {
			isa = PBXSourcesBuildPhase;
			buildActionMask = 2147483647;
			files = (
				47DEB7571CC6304C0007BD2B /* FootballTeamManageController.m in Sources */,
				47EA2D221CDDC0D400A4545D /* DiscoverRecruitMainController.m in Sources */,
				47E0DE601CD1F11D005AF586 /* PDFSegmentModel.m in Sources */,
				47009E841CE03C9C00D7986D /* RecruitHeaderView.m in Sources */,
				47DBBCC41CD8C58300C8B630 /* FootballTeamStandingsController.m in Sources */,
				47F43FEC1CD1AC57009C7414 /* PDFSegmentViewController.m in Sources */,
				47D646811CDAED51008E0331 /* PDFSegmentVCModel.m in Sources */,
				A7BC21811CBE922A0058E5B0 /* PDFDatingFightingController.m in Sources */,
				474923901CBF9AA5000E26A2 /* PDFDatingFightingCell.m in Sources */,
				47B92CD81CD992D600EBECCD /* FBTAttendanceTableHeaderView.m in Sources */,
				47DBBCCD1CD8C5B700C8B630 /* FootballTeamPlayerController.m in Sources */,
				A7BC216C1CBE7C230058E5B0 /* MyCenterHeaderView.m in Sources */,
				47CBDE3A1CBCCF800003F746 /* CYGLocationManager.m in Sources */,
				A7BC218E1CBEB00B0058E5B0 /* FootballTeamHeaderView.m in Sources */,
				A7BB35251CE2214100E35FA3 /* FBTMTypeInCostController.m in Sources */,
				47DBBCC11CD8C56C00C8B630 /* FootballTeamAttendanceController.m in Sources */,
				47F1AF641CE31FD0009519AD /* FootballTeamEventCell.m in Sources */,
				47DBBCC71CD8C59800C8B630 /* FootballTeamCostController.m in Sources */,
				A7A80F351CBA96D30034CE4B /* UIViewController+NavigationBar.m in Sources */,
				47F1AF611CE2CF21009519AD /* FootballTeamPlayerCell.m in Sources */,
				A7A80F4D1CBAB6350034CE4B /* PDFDiscoverController.m in Sources */,
				47EA2D251CDDC12100A4545D /* DiscoverRecruitViewController.m in Sources */,
				A7A80F4A1CBAB6210034CE4B /* PDFHomePageController.m in Sources */,
				A7BB35281CE2215200E35FA3 /* FBTMTypeInStandingsController.m in Sources */,
				A7BDDDF11CAAB138009D9B04 /* AppDelegate.m in Sources */,
				A7A80F501CBAB6470034CE4B /* PDFFootballTeamController.m in Sources */,
				47BE6E841CC862E9009EC803 /* FootballTeamScheduleCell.m in Sources */,
				47EA2D281CDDC33C00A4545D /* RecruitTableViewCell.m in Sources */,
				47E3E4151CBE438D00674F64 /* PDFBaseMyCenterController.m in Sources */,
				A7BC21911CBEB0370058E5B0 /* FootballTeamCell.m in Sources */,
				47ED38F81CDC2F2E002F9099 /* SiteReservationOrderController.m in Sources */,
				A7BB35221CE2212C00E35FA3 /* FBTMPublishGameController.m in Sources */,
				A7BC21881CBEA1E80058E5B0 /* SiteReservationDetailController.m in Sources */,
				A7A80F421CBAB4230034CE4B /* PDFTabBarController.m in Sources */,
				47F43FEF1CD1AD16009C7414 /* PDFSegmentControl.m in Sources */,
				A7A80F341CBA96D30034CE4B /* UIImage+PureColor.m in Sources */,
				47CC75DD1CE18485004A0A66 /* FBTPostedHeaderView.m in Sources */,
				A7BC218B1CBEA41C0058E5B0 /* SRDetailHeaderView.m in Sources */,
				A79263861CD23CE50054991D /* FootballTeamPostedController.m in Sources */,
				47CBDE421CBCDAA60003F746 /* CYGBasePopupView.m in Sources */,
				477E1F681CDB35E80055B86D /* SRDetailCell.m in Sources */,
				A7BC217E1CBE92140058E5B0 /* PDFSiteReservationController.m in Sources */,
				47CC75E01CE1C728004A0A66 /* FBTPostedCell.m in Sources */,
				A7BC21841CBE9BFB0058E5B0 /* PDFSiteReservationCell.m in Sources */,
				A7A80F531CBAB6560034CE4B /* PDFMyCenterController.m in Sources */,
				47DBBCCA1CD8C5AB00C8B630 /* FootballTeamEventController.m in Sources */,
				A76DF72E1CAAAC630086389D /* main.m in Sources */,
				A7A80F3E1CBAB3B80034CE4B /* PDFBaseNavigationController.m in Sources */,
				47ED38FB1CDC7541002F9099 /* SROFootballTeamCell.m in Sources */,
				A7A80F3B1CBAB39F0034CE4B /* PDFBaseViewController.m in Sources */,
				47ED38FE1CDC7E2E002F9099 /* SROConfirmView.m in Sources */,
				A7A80F361CBA96D30034CE4B /* UIViewController+StatusBar.m in Sources */,
				47ED39021CDC89D6002F9099 /* DatingFightingOrderController.m in Sources */,
				47BE6E811CC861BA009EC803 /* FootballTeamScheduleController.m in Sources */,
				478454721CE07A34004F86F9 /* RecruitDetailViewController.m in Sources */,
				A75F5A1C1CBD370F00EF1CD3 /* PDFPopupContentView.m in Sources */,
				47DBBCD31CD8C80E00C8B630 /* FootballTeamAttendanceCell.m in Sources */,
				478454751CE08BE5004F86F9 /* RecruitInforView.m in Sources */,
				47DBBCD01CD8C5CD00C8B630 /* FootballTeamAlbumController.m in Sources */,
				A7BC21681CBE76CA0058E5B0 /* PDFSpaceView.m in Sources */,
				47E3E4181CBE473600674F64 /* UIImage+ImageEffects.m in Sources */,
			);
			runOnlyForDeploymentPostprocessing = 0;
		};
		A76DF7411CAAAC630086389D /* Sources */ = {
			isa = PBXSourcesBuildPhase;
			buildActionMask = 2147483647;
			files = (
				A76DF74A1CAAAC630086389D /* PandaFootballTests.m in Sources */,
			);
			runOnlyForDeploymentPostprocessing = 0;
		};
		A76DF74C1CAAAC630086389D /* Sources */ = {
			isa = PBXSourcesBuildPhase;
			buildActionMask = 2147483647;
			files = (
				A76DF7551CAAAC630086389D /* PandaFootballUITests.m in Sources */,
			);
			runOnlyForDeploymentPostprocessing = 0;
		};
/* End PBXSourcesBuildPhase section */

/* Begin PBXTargetDependency section */
		A76DF7471CAAAC630086389D /* PBXTargetDependency */ = {
			isa = PBXTargetDependency;
			target = A76DF7281CAAAC630086389D /* PandaFootball */;
			targetProxy = A76DF7461CAAAC630086389D /* PBXContainerItemProxy */;
		};
		A76DF7521CAAAC630086389D /* PBXTargetDependency */ = {
			isa = PBXTargetDependency;
			target = A76DF7281CAAAC630086389D /* PandaFootball */;
			targetProxy = A76DF7511CAAAC630086389D /* PBXContainerItemProxy */;
		};
/* End PBXTargetDependency section */

/* Begin PBXVariantGroup section */
		A76DF7381CAAAC630086389D /* Main.storyboard */ = {
			isa = PBXVariantGroup;
			children = (
				A76DF7391CAAAC630086389D /* Base */,
			);
			name = Main.storyboard;
			sourceTree = "<group>";
		};
		A76DF73D1CAAAC630086389D /* LaunchScreen.storyboard */ = {
			isa = PBXVariantGroup;
			children = (
				A76DF73E1CAAAC630086389D /* Base */,
			);
			name = LaunchScreen.storyboard;
			sourceTree = "<group>";
		};
/* End PBXVariantGroup section */

/* Begin XCBuildConfiguration section */
		A76DF7571CAAAC630086389D /* Debug */ = {
			isa = XCBuildConfiguration;
			buildSettings = {
				ALWAYS_SEARCH_USER_PATHS = NO;
				CLANG_ANALYZER_NONNULL = YES;
				CLANG_CXX_LANGUAGE_STANDARD = "gnu++0x";
				CLANG_CXX_LIBRARY = "libc++";
				CLANG_ENABLE_MODULES = YES;
				CLANG_ENABLE_OBJC_ARC = YES;
				CLANG_WARN_BOOL_CONVERSION = YES;
				CLANG_WARN_CONSTANT_CONVERSION = YES;
				CLANG_WARN_DIRECT_OBJC_ISA_USAGE = YES_ERROR;
				CLANG_WARN_EMPTY_BODY = YES;
				CLANG_WARN_ENUM_CONVERSION = YES;
				CLANG_WARN_INT_CONVERSION = YES;
				CLANG_WARN_OBJC_ROOT_CLASS = YES_ERROR;
				CLANG_WARN_UNREACHABLE_CODE = YES;
				CLANG_WARN__DUPLICATE_METHOD_MATCH = YES;
				"CODE_SIGN_IDENTITY[sdk=iphoneos*]" = "iPhone Developer";
				COPY_PHASE_STRIP = NO;
				DEBUG_INFORMATION_FORMAT = dwarf;
				ENABLE_STRICT_OBJC_MSGSEND = YES;
				ENABLE_TESTABILITY = YES;
				GCC_C_LANGUAGE_STANDARD = gnu99;
				GCC_DYNAMIC_NO_PIC = NO;
				GCC_NO_COMMON_BLOCKS = YES;
				GCC_OPTIMIZATION_LEVEL = 0;
				GCC_PREPROCESSOR_DEFINITIONS = (
					"DEBUG=1",
					"$(inherited)",
				);
				GCC_WARN_64_TO_32_BIT_CONVERSION = YES;
				GCC_WARN_ABOUT_RETURN_TYPE = YES_ERROR;
				GCC_WARN_UNDECLARED_SELECTOR = YES;
				GCC_WARN_UNINITIALIZED_AUTOS = YES_AGGRESSIVE;
				GCC_WARN_UNUSED_FUNCTION = YES;
				GCC_WARN_UNUSED_VARIABLE = YES;
				IPHONEOS_DEPLOYMENT_TARGET = 9.3;
				MTL_ENABLE_DEBUG_INFO = YES;
				ONLY_ACTIVE_ARCH = YES;
				SDKROOT = iphoneos;
				TARGETED_DEVICE_FAMILY = "1,2";
			};
			name = Debug;
		};
		A76DF7581CAAAC630086389D /* Release */ = {
			isa = XCBuildConfiguration;
			buildSettings = {
				ALWAYS_SEARCH_USER_PATHS = NO;
				CLANG_ANALYZER_NONNULL = YES;
				CLANG_CXX_LANGUAGE_STANDARD = "gnu++0x";
				CLANG_CXX_LIBRARY = "libc++";
				CLANG_ENABLE_MODULES = YES;
				CLANG_ENABLE_OBJC_ARC = YES;
				CLANG_WARN_BOOL_CONVERSION = YES;
				CLANG_WARN_CONSTANT_CONVERSION = YES;
				CLANG_WARN_DIRECT_OBJC_ISA_USAGE = YES_ERROR;
				CLANG_WARN_EMPTY_BODY = YES;
				CLANG_WARN_ENUM_CONVERSION = YES;
				CLANG_WARN_INT_CONVERSION = YES;
				CLANG_WARN_OBJC_ROOT_CLASS = YES_ERROR;
				CLANG_WARN_UNREACHABLE_CODE = YES;
				CLANG_WARN__DUPLICATE_METHOD_MATCH = YES;
				"CODE_SIGN_IDENTITY[sdk=iphoneos*]" = "iPhone Developer";
				COPY_PHASE_STRIP = NO;
				DEBUG_INFORMATION_FORMAT = "dwarf-with-dsym";
				ENABLE_NS_ASSERTIONS = NO;
				ENABLE_STRICT_OBJC_MSGSEND = YES;
				GCC_C_LANGUAGE_STANDARD = gnu99;
				GCC_NO_COMMON_BLOCKS = YES;
				GCC_WARN_64_TO_32_BIT_CONVERSION = YES;
				GCC_WARN_ABOUT_RETURN_TYPE = YES_ERROR;
				GCC_WARN_UNDECLARED_SELECTOR = YES;
				GCC_WARN_UNINITIALIZED_AUTOS = YES_AGGRESSIVE;
				GCC_WARN_UNUSED_FUNCTION = YES;
				GCC_WARN_UNUSED_VARIABLE = YES;
				IPHONEOS_DEPLOYMENT_TARGET = 9.3;
				MTL_ENABLE_DEBUG_INFO = NO;
				SDKROOT = iphoneos;
				TARGETED_DEVICE_FAMILY = "1,2";
				VALIDATE_PRODUCT = YES;
			};
			name = Release;
		};
		A76DF75A1CAAAC630086389D /* Debug */ = {
			isa = XCBuildConfiguration;
			baseConfigurationReference = 1A9C4C920C85CE8EE7F30BB0 /* Pods.debug.xcconfig */;
			buildSettings = {
				ASSETCATALOG_COMPILER_APPICON_NAME = AppIcon;
				ENABLE_BITCODE = NO;
				INFOPLIST_FILE = PandaFootball/Info.plist;
				IPHONEOS_DEPLOYMENT_TARGET = 7.1;
				LD_RUNPATH_SEARCH_PATHS = "$(inherited) @executable_path/Frameworks";
				OTHER_LDFLAGS = (
					"$(inherited)",
					"-ObjC",
					"-l\"AFNetworking\"",
					"-l\"Masonry\"",
					"-l\"SDWebImage\"",
					"-framework",
					"\"CoreGraphics\"",
					"-framework",
					"\"Foundation\"",
					"-framework",
					"\"ImageIO\"",
					"-framework",
					"\"MobileCoreServices\"",
					"-framework",
					"\"Security\"",
					"-framework",
					"\"SystemConfiguration\"",
					"-framework",
					"\"UIKit\"",
				);
				PRODUCT_BUNDLE_IDENTIFIER = com.myjoy.PandaFootball;
				PRODUCT_NAME = "$(TARGET_NAME)";
				TARGETED_DEVICE_FAMILY = 1;
			};
			name = Debug;
		};
		A76DF75B1CAAAC630086389D /* Release */ = {
			isa = XCBuildConfiguration;
			baseConfigurationReference = C0D7133DE510CFA5E2E0C150 /* Pods.release.xcconfig */;
			buildSettings = {
				ASSETCATALOG_COMPILER_APPICON_NAME = AppIcon;
				ENABLE_BITCODE = NO;
				INFOPLIST_FILE = PandaFootball/Info.plist;
				IPHONEOS_DEPLOYMENT_TARGET = 7.1;
				LD_RUNPATH_SEARCH_PATHS = "$(inherited) @executable_path/Frameworks";
				OTHER_LDFLAGS = (
					"$(inherited)",
					"-ObjC",
					"-l\"AFNetworking\"",
					"-l\"Masonry\"",
					"-l\"SDWebImage\"",
					"-framework",
					"\"CoreGraphics\"",
					"-framework",
					"\"Foundation\"",
					"-framework",
					"\"ImageIO\"",
					"-framework",
					"\"MobileCoreServices\"",
					"-framework",
					"\"Security\"",
					"-framework",
					"\"SystemConfiguration\"",
					"-framework",
					"\"UIKit\"",
				);
				PRODUCT_BUNDLE_IDENTIFIER = com.myjoy.PandaFootball;
				PRODUCT_NAME = "$(TARGET_NAME)";
				TARGETED_DEVICE_FAMILY = 1;
			};
			name = Release;
		};
		A76DF75D1CAAAC630086389D /* Debug */ = {
			isa = XCBuildConfiguration;
			buildSettings = {
				BUNDLE_LOADER = "$(TEST_HOST)";
				INFOPLIST_FILE = PandaFootballTests/Info.plist;
				LD_RUNPATH_SEARCH_PATHS = "$(inherited) @executable_path/Frameworks @loader_path/Frameworks";
				PRODUCT_BUNDLE_IDENTIFIER = com.myjoy.PandaFootballTests;
				PRODUCT_NAME = "$(TARGET_NAME)";
				TEST_HOST = "$(BUILT_PRODUCTS_DIR)/PandaFootball.app/PandaFootball";
			};
			name = Debug;
		};
		A76DF75E1CAAAC630086389D /* Release */ = {
			isa = XCBuildConfiguration;
			buildSettings = {
				BUNDLE_LOADER = "$(TEST_HOST)";
				INFOPLIST_FILE = PandaFootballTests/Info.plist;
				LD_RUNPATH_SEARCH_PATHS = "$(inherited) @executable_path/Frameworks @loader_path/Frameworks";
				PRODUCT_BUNDLE_IDENTIFIER = com.myjoy.PandaFootballTests;
				PRODUCT_NAME = "$(TARGET_NAME)";
				TEST_HOST = "$(BUILT_PRODUCTS_DIR)/PandaFootball.app/PandaFootball";
			};
			name = Release;
		};
		A76DF7601CAAAC630086389D /* Debug */ = {
			isa = XCBuildConfiguration;
			buildSettings = {
				INFOPLIST_FILE = PandaFootballUITests/Info.plist;
				LD_RUNPATH_SEARCH_PATHS = "$(inherited) @executable_path/Frameworks @loader_path/Frameworks";
				PRODUCT_BUNDLE_IDENTIFIER = com.myjoy.PandaFootballUITests;
				PRODUCT_NAME = "$(TARGET_NAME)";
				TEST_TARGET_NAME = PandaFootball;
			};
			name = Debug;
		};
		A76DF7611CAAAC630086389D /* Release */ = {
			isa = XCBuildConfiguration;
			buildSettings = {
				INFOPLIST_FILE = PandaFootballUITests/Info.plist;
				LD_RUNPATH_SEARCH_PATHS = "$(inherited) @executable_path/Frameworks @loader_path/Frameworks";
				PRODUCT_BUNDLE_IDENTIFIER = com.myjoy.PandaFootballUITests;
				PRODUCT_NAME = "$(TARGET_NAME)";
				TEST_TARGET_NAME = PandaFootball;
			};
			name = Release;
		};
/* End XCBuildConfiguration section */

/* Begin XCConfigurationList section */
		A76DF7241CAAAC630086389D /* Build configuration list for PBXProject "PandaFootball" */ = {
			isa = XCConfigurationList;
			buildConfigurations = (
				A76DF7571CAAAC630086389D /* Debug */,
				A76DF7581CAAAC630086389D /* Release */,
			);
			defaultConfigurationIsVisible = 0;
			defaultConfigurationName = Release;
		};
		A76DF7591CAAAC630086389D /* Build configuration list for PBXNativeTarget "PandaFootball" */ = {
			isa = XCConfigurationList;
			buildConfigurations = (
				A76DF75A1CAAAC630086389D /* Debug */,
				A76DF75B1CAAAC630086389D /* Release */,
			);
			defaultConfigurationIsVisible = 0;
			defaultConfigurationName = Release;
		};
		A76DF75C1CAAAC630086389D /* Build configuration list for PBXNativeTarget "PandaFootballTests" */ = {
			isa = XCConfigurationList;
			buildConfigurations = (
				A76DF75D1CAAAC630086389D /* Debug */,
				A76DF75E1CAAAC630086389D /* Release */,
			);
			defaultConfigurationIsVisible = 0;
			defaultConfigurationName = Release;
		};
		A76DF75F1CAAAC630086389D /* Build configuration list for PBXNativeTarget "PandaFootballUITests" */ = {
			isa = XCConfigurationList;
			buildConfigurations = (
				A76DF7601CAAAC630086389D /* Debug */,
				A76DF7611CAAAC630086389D /* Release */,
			);
			defaultConfigurationIsVisible = 0;
			defaultConfigurationName = Release;
		};
/* End XCConfigurationList section */
	};
	rootObject = A76DF7211CAAAC630086389D /* Project object */;
}
